Microsoft Visual Studio Solution File, Format Version 12.00
# Visual Studio 2013
Project("{8BC9CEB8-8B4A-11D0-8D11-00A0C91BC942}") = "ALL_BUILD", "ALL_BUILD.vcxproj", "{1597849A-BB48-4C81-B6F6-482409648702}"
	ProjectSection(ProjectDependencies) = postProject
		{370F56F7-B86F-40C8-838F-F1A4D69656BC} = {370F56F7-B86F-40C8-838F-F1A4D69656BC}
		{AAE8519F-E191-434C-ABA7-76BA80869C3C} = {AAE8519F-E191-434C-ABA7-76BA80869C3C}
		{D0B78943-832B-4C46-8A5C-E902CD28604B} = {D0B78943-832B-4C46-8A5C-E902CD28604B}
		{21FF9D3F-AFDC-496E-B4A7-752F333F25FA} = {21FF9D3F-AFDC-496E-B4A7-752F333F25FA}
		{CF7A4B91-41B9-4EEB-B0E3-F0B1859CABB6} = {CF7A4B91-41B9-4EEB-B0E3-F0B1859CABB6}
		{E4D0EFA4-AFA1-4657-8DFF-8D71DDAA429E} = {E4D0EFA4-AFA1-4657-8DFF-8D71DDAA429E}
		{D3D60AB7-CBB0-4845-BFC6-923C6F838EB5} = {D3D60AB7-CBB0-4845-BFC6-923C6F838EB5}
		{4779B876-E371-4B31-8C2C-72B35E76C68D} = {4779B876-E371-4B31-8C2C-72B35E76C68D}
		{22DCA884-83CD-4B98-8D67-032B8C24E26A} = {22DCA884-83CD-4B98-8D67-032B8C24E26A}
		{80AADB7A-47EC-45B5-983E-ED866513DFA7} = {80AADB7A-47EC-45B5-983E-ED866513DFA7}
		{AD55B670-FB48-44D0-9E12-47F9B130CA03} = {AD55B670-FB48-44D0-9E12-47F9B130CA03}
		{BBFA8D65-0BA0-49DB-880A-39CAEB81C94B} = {BBFA8D65-0BA0-49DB-880A-39CAEB81C94B}
		{82F3EED8-A62E-4154-B68B-2E79040E0ED1} = {82F3EED8-A62E-4154-B68B-2E79040E0ED1}
		{A9EF25AA-3C2E-4C95-95D3-0E14C189FA50} = {A9EF25AA-3C2E-4C95-95D3-0E14C189FA50}
		{B238511B-D247-498F-A694-DAD9E8D5F78C} = {B238511B-D247-498F-A694-DAD9E8D5F78C}
		{5BCCCD55-F391-484C-AFAB-C20EAEDAE001} = {5BCCCD55-F391-484C-AFAB-C20EAEDAE001}
	EndProjectSection
EndProject
Project("{8BC9CEB8-8B4A-11D0-8D11-00A0C91BC942}") = "INSTALL", "INSTALL.vcxproj", "{B32395D5-9CC7-464E-A354-2A1BDB71E13A}"
	ProjectSection(ProjectDependencies) = postProject
		{1597849A-BB48-4C81-B6F6-482409648702} = {1597849A-BB48-4C81-B6F6-482409648702}
	EndProjectSection
EndProject
Project("{8BC9CEB8-8B4A-11D0-8D11-00A0C91BC942}") = "RUN_TESTS", "RUN_TESTS.vcxproj", "{FFB5B1E2-6E02-46D0-977E-456E8425FC6D}"
	ProjectSection(ProjectDependencies) = postProject
	EndProjectSection
EndProject
Project("{8BC9CEB8-8B4A-11D0-8D11-00A0C91BC942}") = "ZERO_CHECK", "..\ZERO_CHECK.vcxproj", "{00490DF6-055A-4CBE-A8A0-BFF27C66B56D}"
	ProjectSection(ProjectDependencies) = postProject
	EndProjectSection
EndProject
Project("{8BC9CEB8-8B4A-11D0-8D11-00A0C91BC942}") = "builtindict", "libsrc\builtindict.vcxproj", "{A05A6A3B-E464-467D-BA68-342F3D915A80}"
	ProjectSection(ProjectDependencies) = postProject
		{00490DF6-055A-4CBE-A8A0-BFF27C66B56D} = {00490DF6-055A-4CBE-A8A0-BFF27C66B56D}
		{A2B1314C-3EE9-4085-9CBB-0402672B571F} = {A2B1314C-3EE9-4085-9CBB-0402672B571F}
	EndProjectSection
EndProject
Project("{8BC9CEB8-8B4A-11D0-8D11-00A0C91BC942}") = "dcdictzz", "libsrc\dcdictzz.vcxproj", "{74A11F1B-D771-4914-8F5A-246094D073AB}"
	ProjectSection(ProjectDependencies) = postProject
		{00490DF6-055A-4CBE-A8A0-BFF27C66B56D} = {00490DF6-055A-4CBE-A8A0-BFF27C66B56D}
		{A2B1314C-3EE9-4085-9CBB-0402672B571F} = {A2B1314C-3EE9-4085-9CBB-0402672B571F}
	EndProjectSection
EndProject
Project("{8BC9CEB8-8B4A-11D0-8D11-00A0C91BC942}") = "dcm2pdf", "apps\dcm2pdf.vcxproj", "{370F56F7-B86F-40C8-838F-F1A4D69656BC}"
	ProjectSection(ProjectDependencies) = postProject
		{00490DF6-055A-4CBE-A8A0-BFF27C66B56D} = {00490DF6-055A-4CBE-A8A0-BFF27C66B56D}
		{CF7A4B91-41B9-4EEB-B0E3-F0B1859CABB6} = {CF7A4B91-41B9-4EEB-B0E3-F0B1859CABB6}
		{C52ADFCF-7F9B-4C3E-AE6F-4DCA2A9340C4} = {C52ADFCF-7F9B-4C3E-AE6F-4DCA2A9340C4}
		{155FE9D2-C41D-4362-898B-799763CAF754} = {155FE9D2-C41D-4362-898B-799763CAF754}
	EndProjectSection
EndProject
Project("{8BC9CEB8-8B4A-11D0-8D11-00A0C91BC942}") = "dcm2xml", "apps\dcm2xml.vcxproj", "{AAE8519F-E191-434C-ABA7-76BA80869C3C}"
	ProjectSection(ProjectDependencies) = postProject
		{00490DF6-055A-4CBE-A8A0-BFF27C66B56D} = {00490DF6-055A-4CBE-A8A0-BFF27C66B56D}
		{CF7A4B91-41B9-4EEB-B0E3-F0B1859CABB6} = {CF7A4B91-41B9-4EEB-B0E3-F0B1859CABB6}
		{C52ADFCF-7F9B-4C3E-AE6F-4DCA2A9340C4} = {C52ADFCF-7F9B-4C3E-AE6F-4DCA2A9340C4}
		{155FE9D2-C41D-4362-898B-799763CAF754} = {155FE9D2-C41D-4362-898B-799763CAF754}
	EndProjectSection
EndProject
Project("{8BC9CEB8-8B4A-11D0-8D11-00A0C91BC942}") = "dcmconv", "apps\dcmconv.vcxproj", "{D0B78943-832B-4C46-8A5C-E902CD28604B}"
	ProjectSection(ProjectDependencies) = postProject
		{00490DF6-055A-4CBE-A8A0-BFF27C66B56D} = {00490DF6-055A-4CBE-A8A0-BFF27C66B56D}
		{CF7A4B91-41B9-4EEB-B0E3-F0B1859CABB6} = {CF7A4B91-41B9-4EEB-B0E3-F0B1859CABB6}
		{C52ADFCF-7F9B-4C3E-AE6F-4DCA2A9340C4} = {C52ADFCF-7F9B-4C3E-AE6F-4DCA2A9340C4}
		{155FE9D2-C41D-4362-898B-799763CAF754} = {155FE9D2-C41D-4362-898B-799763CAF754}
	EndProjectSection
EndProject
Project("{8BC9CEB8-8B4A-11D0-8D11-00A0C91BC942}") = "dcmcrle", "apps\dcmcrle.vcxproj", "{21FF9D3F-AFDC-496E-B4A7-752F333F25FA}"
	ProjectSection(ProjectDependencies) = postProject
		{00490DF6-055A-4CBE-A8A0-BFF27C66B56D} = {00490DF6-055A-4CBE-A8A0-BFF27C66B56D}
		{CF7A4B91-41B9-4EEB-B0E3-F0B1859CABB6} = {CF7A4B91-41B9-4EEB-B0E3-F0B1859CABB6}
		{C52ADFCF-7F9B-4C3E-AE6F-4DCA2A9340C4} = {C52ADFCF-7F9B-4C3E-AE6F-4DCA2A9340C4}
		{155FE9D2-C41D-4362-898B-799763CAF754} = {155FE9D2-C41D-4362-898B-799763CAF754}
	EndProjectSection
EndProject
Project("{8BC9CEB8-8B4A-11D0-8D11-00A0C91BC942}") = "dcmdata", "libsrc\dcmdata.vcxproj", "{CF7A4B91-41B9-4EEB-B0E3-F0B1859CABB6}"
	ProjectSection(ProjectDependencies) = postProject
		{00490DF6-055A-4CBE-A8A0-BFF27C66B56D} = {00490DF6-055A-4CBE-A8A0-BFF27C66B56D}
		{C52ADFCF-7F9B-4C3E-AE6F-4DCA2A9340C4} = {C52ADFCF-7F9B-4C3E-AE6F-4DCA2A9340C4}
		{155FE9D2-C41D-4362-898B-799763CAF754} = {155FE9D2-C41D-4362-898B-799763CAF754}
	EndProjectSection
EndProject
Project("{8BC9CEB8-8B4A-11D0-8D11-00A0C91BC942}") = "dcmdata_tests", "tests\dcmdata_tests.vcxproj", "{E4D0EFA4-AFA1-4657-8DFF-8D71DDAA429E}"
	ProjectSection(ProjectDependencies) = postProject
		{00490DF6-055A-4CBE-A8A0-BFF27C66B56D} = {00490DF6-055A-4CBE-A8A0-BFF27C66B56D}
		{CF7A4B91-41B9-4EEB-B0E3-F0B1859CABB6} = {CF7A4B91-41B9-4EEB-B0E3-F0B1859CABB6}
		{82F3EED8-A62E-4154-B68B-2E79040E0ED1} = {82F3EED8-A62E-4154-B68B-2E79040E0ED1}
		{C52ADFCF-7F9B-4C3E-AE6F-4DCA2A9340C4} = {C52ADFCF-7F9B-4C3E-AE6F-4DCA2A9340C4}
		{155FE9D2-C41D-4362-898B-799763CAF754} = {155FE9D2-C41D-4362-898B-799763CAF754}
	EndProjectSection
EndProject
Project("{8BC9CEB8-8B4A-11D0-8D11-00A0C91BC942}") = "dcmdrle", "apps\dcmdrle.vcxproj", "{D3D60AB7-CBB0-4845-BFC6-923C6F838EB5}"
	ProjectSection(ProjectDependencies) = postProject
		{00490DF6-055A-4CBE-A8A0-BFF27C66B56D} = {00490DF6-055A-4CBE-A8A0-BFF27C66B56D}
		{CF7A4B91-41B9-4EEB-B0E3-F0B1859CABB6} = {CF7A4B91-41B9-4EEB-B0E3-F0B1859CABB6}
		{C52ADFCF-7F9B-4C3E-AE6F-4DCA2A9340C4} = {C52ADFCF-7F9B-4C3E-AE6F-4DCA2A9340C4}
		{155FE9D2-C41D-4362-898B-799763CAF754} = {155FE9D2-C41D-4362-898B-799763CAF754}
	EndProjectSection
EndProject
Project("{8BC9CEB8-8B4A-11D0-8D11-00A0C91BC942}") = "dcmdump", "apps\dcmdump.vcxproj", "{4779B876-E371-4B31-8C2C-72B35E76C68D}"
	ProjectSection(ProjectDependencies) = postProject
		{00490DF6-055A-4CBE-A8A0-BFF27C66B56D} = {00490DF6-055A-4CBE-A8A0-BFF27C66B56D}
		{CF7A4B91-41B9-4EEB-B0E3-F0B1859CABB6} = {CF7A4B91-41B9-4EEB-B0E3-F0B1859CABB6}
		{C52ADFCF-7F9B-4C3E-AE6F-4DCA2A9340C4} = {C52ADFCF-7F9B-4C3E-AE6F-4DCA2A9340C4}
		{155FE9D2-C41D-4362-898B-799763CAF754} = {155FE9D2-C41D-4362-898B-799763CAF754}
	EndProjectSection
EndProject
Project("{8BC9CEB8-8B4A-11D0-8D11-00A0C91BC942}") = "dcmftest", "apps\dcmftest.vcxproj", "{22DCA884-83CD-4B98-8D67-032B8C24E26A}"
	ProjectSection(ProjectDependencies) = postProject
		{00490DF6-055A-4CBE-A8A0-BFF27C66B56D} = {00490DF6-055A-4CBE-A8A0-BFF27C66B56D}
		{155FE9D2-C41D-4362-898B-799763CAF754} = {155FE9D2-C41D-4362-898B-799763CAF754}
	EndProjectSection
EndProject
Project("{8BC9CEB8-8B4A-11D0-8D11-00A0C91BC942}") = "dcmgpdir", "apps\dcmgpdir.vcxproj", "{80AADB7A-47EC-45B5-983E-ED866513DFA7}"
	ProjectSection(ProjectDependencies) = postProject
		{00490DF6-055A-4CBE-A8A0-BFF27C66B56D} = {00490DF6-055A-4CBE-A8A0-BFF27C66B56D}
		{CF7A4B91-41B9-4EEB-B0E3-F0B1859CABB6} = {CF7A4B91-41B9-4EEB-B0E3-F0B1859CABB6}
		{C52ADFCF-7F9B-4C3E-AE6F-4DCA2A9340C4} = {C52ADFCF-7F9B-4C3E-AE6F-4DCA2A9340C4}
		{155FE9D2-C41D-4362-898B-799763CAF754} = {155FE9D2-C41D-4362-898B-799763CAF754}
	EndProjectSection
EndProject
Project("{8BC9CEB8-8B4A-11D0-8D11-00A0C91BC942}") = "dcmodify", "apps\dcmodify.vcxproj", "{AD55B670-FB48-44D0-9E12-47F9B130CA03}"
	ProjectSection(ProjectDependencies) = postProject
		{00490DF6-055A-4CBE-A8A0-BFF27C66B56D} = {00490DF6-055A-4CBE-A8A0-BFF27C66B56D}
		{CF7A4B91-41B9-4EEB-B0E3-F0B1859CABB6} = {CF7A4B91-41B9-4EEB-B0E3-F0B1859CABB6}
		{C52ADFCF-7F9B-4C3E-AE6F-4DCA2A9340C4} = {C52ADFCF-7F9B-4C3E-AE6F-4DCA2A9340C4}
		{155FE9D2-C41D-4362-898B-799763CAF754} = {155FE9D2-C41D-4362-898B-799763CAF754}
	EndProjectSection
EndProject
Project("{8BC9CEB8-8B4A-11D0-8D11-00A0C91BC942}") = "dump2dcm", "apps\dump2dcm.vcxproj", "{BBFA8D65-0BA0-49DB-880A-39CAEB81C94B}"
	ProjectSection(ProjectDependencies) = postProject
		{00490DF6-055A-4CBE-A8A0-BFF27C66B56D} = {00490DF6-055A-4CBE-A8A0-BFF27C66B56D}
		{CF7A4B91-41B9-4EEB-B0E3-F0B1859CABB6} = {CF7A4B91-41B9-4EEB-B0E3-F0B1859CABB6}
		{C52ADFCF-7F9B-4C3E-AE6F-4DCA2A9340C4} = {C52ADFCF-7F9B-4C3E-AE6F-4DCA2A9340C4}
		{155FE9D2-C41D-4362-898B-799763CAF754} = {155FE9D2-C41D-4362-898B-799763CAF754}
	EndProjectSection
EndProject
Project("{8BC9CEB8-8B4A-11D0-8D11-00A0C91BC942}") = "gendeftag", "libsrc\gendeftag.vcxproj", "{D5F3C05D-EFAF-4F99-A515-486C8E26760C}"
	ProjectSection(ProjectDependencies) = postProject
		{00490DF6-055A-4CBE-A8A0-BFF27C66B56D} = {00490DF6-055A-4CBE-A8A0-BFF27C66B56D}
		{D09FEAD4-32D6-45EE-8D4F-2C88AB332ADA} = {D09FEAD4-32D6-45EE-8D4F-2C88AB332ADA}
	EndProjectSection
EndProject
Project("{8BC9CEB8-8B4A-11D0-8D11-00A0C91BC942}") = "i2d", "libi2d\i2d.vcxproj", "{82F3EED8-A62E-4154-B68B-2E79040E0ED1}"
	ProjectSection(ProjectDependencies) = postProject
		{00490DF6-055A-4CBE-A8A0-BFF27C66B56D} = {00490DF6-055A-4CBE-A8A0-BFF27C66B56D}
		{CF7A4B91-41B9-4EEB-B0E3-F0B1859CABB6} = {CF7A4B91-41B9-4EEB-B0E3-F0B1859CABB6}
		{C52ADFCF-7F9B-4C3E-AE6F-4DCA2A9340C4} = {C52ADFCF-7F9B-4C3E-AE6F-4DCA2A9340C4}
		{155FE9D2-C41D-4362-898B-799763CAF754} = {155FE9D2-C41D-4362-898B-799763CAF754}
	EndProjectSection
EndProject
Project("{8BC9CEB8-8B4A-11D0-8D11-00A0C91BC942}") = "img2dcm", "apps\img2dcm.vcxproj", "{A9EF25AA-3C2E-4C95-95D3-0E14C189FA50}"
	ProjectSection(ProjectDependencies) = postProject
		{00490DF6-055A-4CBE-A8A0-BFF27C66B56D} = {00490DF6-055A-4CBE-A8A0-BFF27C66B56D}
		{CF7A4B91-41B9-4EEB-B0E3-F0B1859CABB6} = {CF7A4B91-41B9-4EEB-B0E3-F0B1859CABB6}
		{82F3EED8-A62E-4154-B68B-2E79040E0ED1} = {82F3EED8-A62E-4154-B68B-2E79040E0ED1}
		{C52ADFCF-7F9B-4C3E-AE6F-4DCA2A9340C4} = {C52ADFCF-7F9B-4C3E-AE6F-4DCA2A9340C4}
		{155FE9D2-C41D-4362-898B-799763CAF754} = {155FE9D2-C41D-4362-898B-799763CAF754}
	EndProjectSection
EndProject
Project("{8BC9CEB8-8B4A-11D0-8D11-00A0C91BC942}") = "mkdeftag", "libsrc\mkdeftag.vcxproj", "{D09FEAD4-32D6-45EE-8D4F-2C88AB332ADA}"
	ProjectSection(ProjectDependencies) = postProject
		{00490DF6-055A-4CBE-A8A0-BFF27C66B56D} = {00490DF6-055A-4CBE-A8A0-BFF27C66B56D}
		{C52ADFCF-7F9B-4C3E-AE6F-4DCA2A9340C4} = {C52ADFCF-7F9B-4C3E-AE6F-4DCA2A9340C4}
		{155FE9D2-C41D-4362-898B-799763CAF754} = {155FE9D2-C41D-4362-898B-799763CAF754}
	EndProjectSection
EndProject
Project("{8BC9CEB8-8B4A-11D0-8D11-00A0C91BC942}") = "mkdictbi", "libsrc\mkdictbi.vcxproj", "{A2B1314C-3EE9-4085-9CBB-0402672B571F}"
	ProjectSection(ProjectDependencies) = postProject
		{00490DF6-055A-4CBE-A8A0-BFF27C66B56D} = {00490DF6-055A-4CBE-A8A0-BFF27C66B56D}
		{C52ADFCF-7F9B-4C3E-AE6F-4DCA2A9340C4} = {C52ADFCF-7F9B-4C3E-AE6F-4DCA2A9340C4}
		{155FE9D2-C41D-4362-898B-799763CAF754} = {155FE9D2-C41D-4362-898B-799763CAF754}
	EndProjectSection
EndProject
Project("{8BC9CEB8-8B4A-11D0-8D11-00A0C91BC942}") = "mkvrscan", "libsrc\mkvrscan.vcxproj", "{6504A7B4-CD9A-4BF6-960C-DDD1A9E59840}"
	ProjectSection(ProjectDependencies) = postProject
		{00490DF6-055A-4CBE-A8A0-BFF27C66B56D} = {00490DF6-055A-4CBE-A8A0-BFF27C66B56D}
	EndProjectSection
EndProject
Project("{8BC9CEB8-8B4A-11D0-8D11-00A0C91BC942}") = "nobuiltindict", "libsrc\nobuiltindict.vcxproj", "{272B0FA6-97AF-41D2-AB2F-6F80258CA08B}"
	ProjectSection(ProjectDependencies) = postProject
		{00490DF6-055A-4CBE-A8A0-BFF27C66B56D} = {00490DF6-055A-4CBE-A8A0-BFF27C66B56D}
	EndProjectSection
EndProject
Project("{8BC9CEB8-8B4A-11D0-8D11-00A0C91BC942}") = "oflog", "..\oflog\libsrc\oflog.vcxproj", "{C52ADFCF-7F9B-4C3E-AE6F-4DCA2A9340C4}"
	ProjectSection(ProjectDependencies) = postProject
		{00490DF6-055A-4CBE-A8A0-BFF27C66B56D} = {00490DF6-055A-4CBE-A8A0-BFF27C66B56D}
		{155FE9D2-C41D-4362-898B-799763CAF754} = {155FE9D2-C41D-4362-898B-799763CAF754}
	EndProjectSection
EndProject
Project("{8BC9CEB8-8B4A-11D0-8D11-00A0C91BC942}") = "ofstd", "..\ofstd\libsrc\ofstd.vcxproj", "{155FE9D2-C41D-4362-898B-799763CAF754}"
	ProjectSection(ProjectDependencies) = postProject
		{00490DF6-055A-4CBE-A8A0-BFF27C66B56D} = {00490DF6-055A-4CBE-A8A0-BFF27C66B56D}
	EndProjectSection
EndProject
Project("{8BC9CEB8-8B4A-11D0-8D11-00A0C91BC942}") = "pdf2dcm", "apps\pdf2dcm.vcxproj", "{B238511B-D247-498F-A694-DAD9E8D5F78C}"
	ProjectSection(ProjectDependencies) = postProject
		{00490DF6-055A-4CBE-A8A0-BFF27C66B56D} = {00490DF6-055A-4CBE-A8A0-BFF27C66B56D}
		{CF7A4B91-41B9-4EEB-B0E3-F0B1859CABB6} = {CF7A4B91-41B9-4EEB-B0E3-F0B1859CABB6}
		{C52ADFCF-7F9B-4C3E-AE6F-4DCA2A9340C4} = {C52ADFCF-7F9B-4C3E-AE6F-4DCA2A9340C4}
		{155FE9D2-C41D-4362-898B-799763CAF754} = {155FE9D2-C41D-4362-898B-799763CAF754}
	EndProjectSection
EndProject
Project("{8BC9CEB8-8B4A-11D0-8D11-00A0C91BC942}") = "xml2dcm", "apps\xml2dcm.vcxproj", "{5BCCCD55-F391-484C-AFAB-C20EAEDAE001}"
	ProjectSection(ProjectDependencies) = postProject
		{00490DF6-055A-4CBE-A8A0-BFF27C66B56D} = {00490DF6-055A-4CBE-A8A0-BFF27C66B56D}
		{CF7A4B91-41B9-4EEB-B0E3-F0B1859CABB6} = {CF7A4B91-41B9-4EEB-B0E3-F0B1859CABB6}
		{C52ADFCF-7F9B-4C3E-AE6F-4DCA2A9340C4} = {C52ADFCF-7F9B-4C3E-AE6F-4DCA2A9340C4}
		{155FE9D2-C41D-4362-898B-799763CAF754} = {155FE9D2-C41D-4362-898B-799763CAF754}
	EndProjectSection
EndProject
Global
	GlobalSection(SolutionConfigurationPlatforms) = preSolution
		Debug|Win32 = Debug|Win32
		Release|Win32 = Release|Win32
		MinSizeRel|Win32 = MinSizeRel|Win32
		RelWithDebInfo|Win32 = RelWithDebInfo|Win32
	EndGlobalSection
	GlobalSection(ProjectConfigurationPlatforms) = postSolution
		{1597849A-BB48-4C81-B6F6-482409648702}.Debug|Win32.ActiveCfg = Debug|Win32
		{1597849A-BB48-4C81-B6F6-482409648702}.Debug|Win32.Build.0 = Debug|Win32
		{1597849A-BB48-4C81-B6F6-482409648702}.Release|Win32.ActiveCfg = Release|Win32
		{1597849A-BB48-4C81-B6F6-482409648702}.Release|Win32.Build.0 = Release|Win32
		{1597849A-BB48-4C81-B6F6-482409648702}.MinSizeRel|Win32.ActiveCfg = MinSizeRel|Win32
		{1597849A-BB48-4C81-B6F6-482409648702}.MinSizeRel|Win32.Build.0 = MinSizeRel|Win32
		{1597849A-BB48-4C81-B6F6-482409648702}.RelWithDebInfo|Win32.ActiveCfg = RelWithDebInfo|Win32
		{1597849A-BB48-4C81-B6F6-482409648702}.RelWithDebInfo|Win32.Build.0 = RelWithDebInfo|Win32
		{B32395D5-9CC7-464E-A354-2A1BDB71E13A}.Debug|Win32.ActiveCfg = Debug|Win32
		{B32395D5-9CC7-464E-A354-2A1BDB71E13A}.Release|Win32.ActiveCfg = Release|Win32
		{B32395D5-9CC7-464E-A354-2A1BDB71E13A}.MinSizeRel|Win32.ActiveCfg = MinSizeRel|Win32
		{B32395D5-9CC7-464E-A354-2A1BDB71E13A}.RelWithDebInfo|Win32.ActiveCfg = RelWithDebInfo|Win32
		{FFB5B1E2-6E02-46D0-977E-456E8425FC6D}.Debug|Win32.ActiveCfg = Debug|Win32
		{FFB5B1E2-6E02-46D0-977E-456E8425FC6D}.Release|Win32.ActiveCfg = Release|Win32
		{FFB5B1E2-6E02-46D0-977E-456E8425FC6D}.MinSizeRel|Win32.ActiveCfg = MinSizeRel|Win32
		{FFB5B1E2-6E02-46D0-977E-456E8425FC6D}.RelWithDebInfo|Win32.ActiveCfg = RelWithDebInfo|Win32
		{00490DF6-055A-4CBE-A8A0-BFF27C66B56D}.Debug|Win32.ActiveCfg = Debug|Win32
		{00490DF6-055A-4CBE-A8A0-BFF27C66B56D}.Debug|Win32.Build.0 = Debug|Win32
		{00490DF6-055A-4CBE-A8A0-BFF27C66B56D}.Release|Win32.ActiveCfg = Release|Win32
		{00490DF6-055A-4CBE-A8A0-BFF27C66B56D}.Release|Win32.Build.0 = Release|Win32
		{00490DF6-055A-4CBE-A8A0-BFF27C66B56D}.MinSizeRel|Win32.ActiveCfg = MinSizeRel|Win32
		{00490DF6-055A-4CBE-A8A0-BFF27C66B56D}.MinSizeRel|Win32.Build.0 = MinSizeRel|Win32
		{00490DF6-055A-4CBE-A8A0-BFF27C66B56D}.RelWithDebInfo|Win32.ActiveCfg = RelWithDebInfo|Win32
		{00490DF6-055A-4CBE-A8A0-BFF27C66B56D}.RelWithDebInfo|Win32.Build.0 = RelWithDebInfo|Win32
		{A05A6A3B-E464-467D-BA68-342F3D915A80}.Debug|Win32.ActiveCfg = Debug|Win32
		{A05A6A3B-E464-467D-BA68-342F3D915A80}.Release|Win32.ActiveCfg = Release|Win32
		{A05A6A3B-E464-467D-BA68-342F3D915A80}.MinSizeRel|Win32.ActiveCfg = MinSizeRel|Win32
		{A05A6A3B-E464-467D-BA68-342F3D915A80}.RelWithDebInfo|Win32.ActiveCfg = RelWithDebInfo|Win32
		{74A11F1B-D771-4914-8F5A-246094D073AB}.Debug|Win32.ActiveCfg = Debug|Win32
		{74A11F1B-D771-4914-8F5A-246094D073AB}.Release|Win32.ActiveCfg = Release|Win32
		{74A11F1B-D771-4914-8F5A-246094D073AB}.MinSizeRel|Win32.ActiveCfg = MinSizeRel|Win32
		{74A11F1B-D771-4914-8F5A-246094D073AB}.RelWithDebInfo|Win32.ActiveCfg = RelWithDebInfo|Win32
		{370F56F7-B86F-40C8-838F-F1A4D69656BC}.Debug|Win32.ActiveCfg = Debug|Win32
		{370F56F7-B86F-40C8-838F-F1A4D69656BC}.Debug|Win32.Build.0 = Debug|Win32
		{370F56F7-B86F-40C8-838F-F1A4D69656BC}.Release|Win32.ActiveCfg = Release|Win32
		{370F56F7-B86F-40C8-838F-F1A4D69656BC}.Release|Win32.Build.0 = Release|Win32
		{370F56F7-B86F-40C8-838F-F1A4D69656BC}.MinSizeRel|Win32.ActiveCfg = MinSizeRel|Win32
		{370F56F7-B86F-40C8-838F-F1A4D69656BC}.MinSizeRel|Win32.Build.0 = MinSizeRel|Win32
		{370F56F7-B86F-40C8-838F-F1A4D69656BC}.RelWithDebInfo|Win32.ActiveCfg = RelWithDebInfo|Win32
		{370F56F7-B86F-40C8-838F-F1A4D69656BC}.RelWithDebInfo|Win32.Build.0 = RelWithDebInfo|Win32
		{AAE8519F-E191-434C-ABA7-76BA80869C3C}.Debug|Win32.ActiveCfg = Debug|Win32
		{AAE8519F-E191-434C-ABA7-76BA80869C3C}.Debug|Win32.Build.0 = Debug|Win32
		{AAE8519F-E191-434C-ABA7-76BA80869C3C}.Release|Win32.ActiveCfg = Release|Win32
		{AAE8519F-E191-434C-ABA7-76BA80869C3C}.Release|Win32.Build.0 = Release|Win32
		{AAE8519F-E191-434C-ABA7-76BA80869C3C}.MinSizeRel|Win32.ActiveCfg = MinSizeRel|Win32
		{AAE8519F-E191-434C-ABA7-76BA80869C3C}.MinSizeRel|Win32.Build.0 = MinSizeRel|Win32
		{AAE8519F-E191-434C-ABA7-76BA80869C3C}.RelWithDebInfo|Win32.ActiveCfg = RelWithDebInfo|Win32
		{AAE8519F-E191-434C-ABA7-76BA80869C3C}.RelWithDebInfo|Win32.Build.0 = RelWithDebInfo|Win32
		{D0B78943-832B-4C46-8A5C-E902CD28604B}.Debug|Win32.ActiveCfg = Debug|Win32
		{D0B78943-832B-4C46-8A5C-E902CD28604B}.Debug|Win32.Build.0 = Debug|Win32
		{D0B78943-832B-4C46-8A5C-E902CD28604B}.Release|Win32.ActiveCfg = Release|Win32
		{D0B78943-832B-4C46-8A5C-E902CD28604B}.Release|Win32.Build.0 = Release|Win32
		{D0B78943-832B-4C46-8A5C-E902CD28604B}.MinSizeRel|Win32.ActiveCfg = MinSizeRel|Win32
		{D0B78943-832B-4C46-8A5C-E902CD28604B}.MinSizeRel|Win32.Build.0 = MinSizeRel|Win32
		{D0B78943-832B-4C46-8A5C-E902CD28604B}.RelWithDebInfo|Win32.ActiveCfg = RelWithDebInfo|Win32
		{D0B78943-832B-4C46-8A5C-E902CD28604B}.RelWithDebInfo|Win32.Build.0 = RelWithDebInfo|Win32
		{21FF9D3F-AFDC-496E-B4A7-752F333F25FA}.Debug|Win32.ActiveCfg = Debug|Win32
		{21FF9D3F-AFDC-496E-B4A7-752F333F25FA}.Debug|Win32.Build.0 = Debug|Win32
		{21FF9D3F-AFDC-496E-B4A7-752F333F25FA}.Release|Win32.ActiveCfg = Release|Win32
		{21FF9D3F-AFDC-496E-B4A7-752F333F25FA}.Release|Win32.Build.0 = Release|Win32
		{21FF9D3F-AFDC-496E-B4A7-752F333F25FA}.MinSizeRel|Win32.ActiveCfg = MinSizeRel|Win32
		{21FF9D3F-AFDC-496E-B4A7-752F333F25FA}.MinSizeRel|Win32.Build.0 = MinSizeRel|Win32
		{21FF9D3F-AFDC-496E-B4A7-752F333F25FA}.RelWithDebInfo|Win32.ActiveCfg = RelWithDebInfo|Win32
		{21FF9D3F-AFDC-496E-B4A7-752F333F25FA}.RelWithDebInfo|Win32.Build.0 = RelWithDebInfo|Win32
		{CF7A4B91-41B9-4EEB-B0E3-F0B1859CABB6}.Debug|Win32.ActiveCfg = Debug|Win32
		{CF7A4B91-41B9-4EEB-B0E3-F0B1859CABB6}.Debug|Win32.Build.0 = Debug|Win32
		{CF7A4B91-41B9-4EEB-B0E3-F0B1859CABB6}.Release|Win32.ActiveCfg = Release|Win32
		{CF7A4B91-41B9-4EEB-B0E3-F0B1859CABB6}.Release|Win32.Build.0 = Release|Win32
		{CF7A4B91-41B9-4EEB-B0E3-F0B1859CABB6}.MinSizeRel|Win32.ActiveCfg = MinSizeRel|Win32
		{CF7A4B91-41B9-4EEB-B0E3-F0B1859CABB6}.MinSizeRel|Win32.Build.0 = MinSizeRel|Win32
		{CF7A4B91-41B9-4EEB-B0E3-F0B1859CABB6}.RelWithDebInfo|Win32.ActiveCfg = RelWithDebInfo|Win32
		{CF7A4B91-41B9-4EEB-B0E3-F0B1859CABB6}.RelWithDebInfo|Win32.Build.0 = RelWithDebInfo|Win32
		{E4D0EFA4-AFA1-4657-8DFF-8D71DDAA429E}.Debug|Win32.ActiveCfg = Debug|Win32
		{E4D0EFA4-AFA1-4657-8DFF-8D71DDAA429E}.Debug|Win32.Build.0 = Debug|Win32
		{E4D0EFA4-AFA1-4657-8DFF-8D71DDAA429E}.Release|Win32.ActiveCfg = Release|Win32
		{E4D0EFA4-AFA1-4657-8DFF-8D71DDAA429E}.Release|Win32.Build.0 = Release|Win32
		{E4D0EFA4-AFA1-4657-8DFF-8D71DDAA429E}.MinSizeRel|Win32.ActiveCfg = MinSizeRel|Win32
		{E4D0EFA4-AFA1-4657-8DFF-8D71DDAA429E}.MinSizeRel|Win32.Build.0 = MinSizeRel|Win32
		{E4D0EFA4-AFA1-4657-8DFF-8D71DDAA429E}.RelWithDebInfo|Win32.ActiveCfg = RelWithDebInfo|Win32
		{E4D0EFA4-AFA1-4657-8DFF-8D71DDAA429E}.RelWithDebInfo|Win32.Build.0 = RelWithDebInfo|Win32
		{D3D60AB7-CBB0-4845-BFC6-923C6F838EB5}.Debug|Win32.ActiveCfg = Debug|Win32
		{D3D60AB7-CBB0-4845-BFC6-923C6F838EB5}.Debug|Win32.Build.0 = Debug|Win32
		{D3D60AB7-CBB0-4845-BFC6-923C6F838EB5}.Release|Win32.ActiveCfg = Release|Win32
		{D3D60AB7-CBB0-4845-BFC6-923C6F838EB5}.Release|Win32.Build.0 = Release|Win32
		{D3D60AB7-CBB0-4845-BFC6-923C6F838EB5}.MinSizeRel|Win32.ActiveCfg = MinSizeRel|Win32
		{D3D60AB7-CBB0-4845-BFC6-923C6F838EB5}.MinSizeRel|Win32.Build.0 = MinSizeRel|Win32
		{D3D60AB7-CBB0-4845-BFC6-923C6F838EB5}.RelWithDebInfo|Win32.ActiveCfg = RelWithDebInfo|Win32
		{D3D60AB7-CBB0-4845-BFC6-923C6F838EB5}.RelWithDebInfo|Win32.Build.0 = RelWithDebInfo|Win32
		{4779B876-E371-4B31-8C2C-72B35E76C68D}.Debug|Win32.ActiveCfg = Debug|Win32
		{4779B876-E371-4B31-8C2C-72B35E76C68D}.Debug|Win32.Build.0 = Debug|Win32
		{4779B876-E371-4B31-8C2C-72B35E76C68D}.Release|Win32.ActiveCfg = Release|Win32
		{4779B876-E371-4B31-8C2C-72B35E76C68D}.Release|Win32.Build.0 = Release|Win32
		{4779B876-E371-4B31-8C2C-72B35E76C68D}.MinSizeRel|Win32.ActiveCfg = MinSizeRel|Win32
		{4779B876-E371-4B31-8C2C-72B35E76C68D}.MinSizeRel|Win32.Build.0 = MinSizeRel|Win32
		{4779B876-E371-4B31-8C2C-72B35E76C68D}.RelWithDebInfo|Win32.ActiveCfg = RelWithDebInfo|Win32
		{4779B876-E371-4B31-8C2C-72B35E76C68D}.RelWithDebInfo|Win32.Build.0 = RelWithDebInfo|Win32
		{22DCA884-83CD-4B98-8D67-032B8C24E26A}.Debug|Win32.ActiveCfg = Debug|Win32
		{22DCA884-83CD-4B98-8D67-032B8C24E26A}.Debug|Win32.Build.0 = Debug|Win32
		{22DCA884-83CD-4B98-8D67-032B8C24E26A}.Release|Win32.ActiveCfg = Release|Win32
		{22DCA884-83CD-4B98-8D67-032B8C24E26A}.Release|Win32.Build.0 = Release|Win32
		{22DCA884-83CD-4B98-8D67-032B8C24E26A}.MinSizeRel|Win32.ActiveCfg = MinSizeRel|Win32
		{22DCA884-83CD-4B98-8D67-032B8C24E26A}.MinSizeRel|Win32.Build.0 = MinSizeRel|Win32
		{22DCA884-83CD-4B98-8D67-032B8C24E26A}.RelWithDebInfo|Win32.ActiveCfg = RelWithDebInfo|Win32
		{22DCA884-83CD-4B98-8D67-032B8C24E26A}.RelWithDebInfo|Win32.Build.0 = RelWithDebInfo|Win32
		{80AADB7A-47EC-45B5-983E-ED866513DFA7}.Debug|Win32.ActiveCfg = Debug|Win32
		{80AADB7A-47EC-45B5-983E-ED866513DFA7}.Debug|Win32.Build.0 = Debug|Win32
		{80AADB7A-47EC-45B5-983E-ED866513DFA7}.Release|Win32.ActiveCfg = Release|Win32
		{80AADB7A-47EC-45B5-983E-ED866513DFA7}.Release|Win32.Build.0 = Release|Win32
		{80AADB7A-47EC-45B5-983E-ED866513DFA7}.MinSizeRel|Win32.ActiveCfg = MinSizeRel|Win32
		{80AADB7A-47EC-45B5-983E-ED866513DFA7}.MinSizeRel|Win32.Build.0 = MinSizeRel|Win32
		{80AADB7A-47EC-45B5-983E-ED866513DFA7}.RelWithDebInfo|Win32.ActiveCfg = RelWithDebInfo|Win32
		{80AADB7A-47EC-45B5-983E-ED866513DFA7}.RelWithDebInfo|Win32.Build.0 = RelWithDebInfo|Win32
		{AD55B670-FB48-44D0-9E12-47F9B130CA03}.Debug|Win32.ActiveCfg = Debug|Win32
		{AD55B670-FB48-44D0-9E12-47F9B130CA03}.Debug|Win32.Build.0 = Debug|Win32
		{AD55B670-FB48-44D0-9E12-47F9B130CA03}.Release|Win32.ActiveCfg = Release|Win32
		{AD55B670-FB48-44D0-9E12-47F9B130CA03}.Release|Win32.Build.0 = Release|Win32
		{AD55B670-FB48-44D0-9E12-47F9B130CA03}.MinSizeRel|Win32.ActiveCfg = MinSizeRel|Win32
		{AD55B670-FB48-44D0-9E12-47F9B130CA03}.MinSizeRel|Win32.Build.0 = MinSizeRel|Win32
		{AD55B670-FB48-44D0-9E12-47F9B130CA03}.RelWithDebInfo|Win32.ActiveCfg = RelWithDebInfo|Win32
		{AD55B670-FB48-44D0-9E12-47F9B130CA03}.RelWithDebInfo|Win32.Build.0 = RelWithDebInfo|Win32
		{BBFA8D65-0BA0-49DB-880A-39CAEB81C94B}.Debug|Win32.ActiveCfg = Debug|Win32
		{BBFA8D65-0BA0-49DB-880A-39CAEB81C94B}.Debug|Win32.Build.0 = Debug|Win32
		{BBFA8D65-0BA0-49DB-880A-39CAEB81C94B}.Release|Win32.ActiveCfg = Release|Win32
		{BBFA8D65-0BA0-49DB-880A-39CAEB81C94B}.Release|Win32.Build.0 = Release|Win32
		{BBFA8D65-0BA0-49DB-880A-39CAEB81C94B}.MinSizeRel|Win32.ActiveCfg = MinSizeRel|Win32
		{BBFA8D65-0BA0-49DB-880A-39CAEB81C94B}.MinSizeRel|Win32.Build.0 = MinSizeRel|Win32
		{BBFA8D65-0BA0-49DB-880A-39CAEB81C94B}.RelWithDebInfo|Win32.ActiveCfg = RelWithDebInfo|Win32
		{BBFA8D65-0BA0-49DB-880A-39CAEB81C94B}.RelWithDebInfo|Win32.Build.0 = RelWithDebInfo|Win32
		{D5F3C05D-EFAF-4F99-A515-486C8E26760C}.Debug|Win32.ActiveCfg = Debug|Win32
		{D5F3C05D-EFAF-4F99-A515-486C8E26760C}.Release|Win32.ActiveCfg = Release|Win32
		{D5F3C05D-EFAF-4F99-A515-486C8E26760C}.MinSizeRel|Win32.ActiveCfg = MinSizeRel|Win32
		{D5F3C05D-EFAF-4F99-A515-486C8E26760C}.RelWithDebInfo|Win32.ActiveCfg = RelWithDebInfo|Win32
		{82F3EED8-A62E-4154-B68B-2E79040E0ED1}.Debug|Win32.ActiveCfg = Debug|Win32
		{82F3EED8-A62E-4154-B68B-2E79040E0ED1}.Debug|Win32.Build.0 = Debug|Win32
		{82F3EED8-A62E-4154-B68B-2E79040E0ED1}.Release|Win32.ActiveCfg = Release|Win32
		{82F3EED8-A62E-4154-B68B-2E79040E0ED1}.Release|Win32.Build.0 = Release|Win32
		{82F3EED8-A62E-4154-B68B-2E79040E0ED1}.MinSizeRel|Win32.ActiveCfg = MinSizeRel|Win32
		{82F3EED8-A62E-4154-B68B-2E79040E0ED1}.MinSizeRel|Win32.Build.0 = MinSizeRel|Win32
		{82F3EED8-A62E-4154-B68B-2E79040E0ED1}.RelWithDebInfo|Win32.ActiveCfg = RelWithDebInfo|Win32
		{82F3EED8-A62E-4154-B68B-2E79040E0ED1}.RelWithDebInfo|Win32.Build.0 = RelWithDebInfo|Win32
		{A9EF25AA-3C2E-4C95-95D3-0E14C189FA50}.Debug|Win32.ActiveCfg = Debug|Win32
		{A9EF25AA-3C2E-4C95-95D3-0E14C189FA50}.Debug|Win32.Build.0 = Debug|Win32
		{A9EF25AA-3C2E-4C95-95D3-0E14C189FA50}.Release|Win32.ActiveCfg = Release|Win32
		{A9EF25AA-3C2E-4C95-95D3-0E14C189FA50}.Release|Win32.Build.0 = Release|Win32
		{A9EF25AA-3C2E-4C95-95D3-0E14C189FA50}.MinSizeRel|Win32.ActiveCfg = MinSizeRel|Win32
		{A9EF25AA-3C2E-4C95-95D3-0E14C189FA50}.MinSizeRel|Win32.Build.0 = MinSizeRel|Win32
		{A9EF25AA-3C2E-4C95-95D3-0E14C189FA50}.RelWithDebInfo|Win32.ActiveCfg = RelWithDebInfo|Win32
		{A9EF25AA-3C2E-4C95-95D3-0E14C189FA50}.RelWithDebInfo|Win32.Build.0 = RelWithDebInfo|Win32
		{D09FEAD4-32D6-45EE-8D4F-2C88AB332ADA}.Debug|Win32.ActiveCfg = Debug|Win32
		{D09FEAD4-32D6-45EE-8D4F-2C88AB332ADA}.Debug|Win32.Build.0 = Debug|Win32
		{D09FEAD4-32D6-45EE-8D4F-2C88AB332ADA}.Release|Win32.ActiveCfg = Release|Win32
		{D09FEAD4-32D6-45EE-8D4F-2C88AB332ADA}.Release|Win32.Build.0 = Release|Win32
		{D09FEAD4-32D6-45EE-8D4F-2C88AB332ADA}.MinSizeRel|Win32.ActiveCfg = MinSizeRel|Win32
		{D09FEAD4-32D6-45EE-8D4F-2C88AB332ADA}.MinSizeRel|Win32.Build.0 = MinSizeRel|Win32
		{D09FEAD4-32D6-45EE-8D4F-2C88AB332ADA}.RelWithDebInfo|Win32.ActiveCfg = RelWithDebInfo|Win32
		{D09FEAD4-32D6-45EE-8D4F-2C88AB332ADA}.RelWithDebInfo|Win32.Build.0 = RelWithDebInfo|Win32
		{A2B1314C-3EE9-4085-9CBB-0402672B571F}.Debug|Win32.ActiveCfg = Debug|Win32
		{A2B1314C-3EE9-4085-9CBB-0402672B571F}.Debug|Win32.Build.0 = Debug|Win32
		{A2B1314C-3EE9-4085-9CBB-0402672B571F}.Release|Win32.ActiveCfg = Release|Win32
		{A2B1314C-3EE9-4085-9CBB-0402672B571F}.Release|Win32.Build.0 = Release|Win32
		{A2B1314C-3EE9-4085-9CBB-0402672B571F}.MinSizeRel|Win32.ActiveCfg = MinSizeRel|Win32
		{A2B1314C-3EE9-4085-9CBB-0402672B571F}.MinSizeRel|Win32.Build.0 = MinSizeRel|Win32
		{A2B1314C-3EE9-4085-9CBB-0402672B571F}.RelWithDebInfo|Win32.ActiveCfg = RelWithDebInfo|Win32
		{A2B1314C-3EE9-4085-9CBB-0402672B571F}.RelWithDebInfo|Win32.Build.0 = RelWithDebInfo|Win32
		{6504A7B4-CD9A-4BF6-960C-DDD1A9E59840}.Debug|Win32.ActiveCfg = Debug|Win32
		{6504A7B4-CD9A-4BF6-960C-DDD1A9E59840}.Release|Win32.ActiveCfg = Release|Win32
		{6504A7B4-CD9A-4BF6-960C-DDD1A9E59840}.MinSizeRel|Win32.ActiveCfg = MinSizeRel|Win32
		{6504A7B4-CD9A-4BF6-960C-DDD1A9E59840}.RelWithDebInfo|Win32.ActiveCfg = RelWithDebInfo|Win32
		{272B0FA6-97AF-41D2-AB2F-6F80258CA08B}.Debug|Win32.ActiveCfg = Debug|Win32
		{272B0FA6-97AF-41D2-AB2F-6F80258CA08B}.Release|Win32.ActiveCfg = Release|Win32
		{272B0FA6-97AF-41D2-AB2F-6F80258CA08B}.MinSizeRel|Win32.ActiveCfg = MinSizeRel|Win32
		{272B0FA6-97AF-41D2-AB2F-6F80258CA08B}.RelWithDebInfo|Win32.ActiveCfg = RelWithDebInfo|Win32
		{C52ADFCF-7F9B-4C3E-AE6F-4DCA2A9340C4}.Debug|Win32.ActiveCfg = Debug|Win32
		{C52ADFCF-7F9B-4C3E-AE6F-4DCA2A9340C4}.Debug|Win32.Build.0 = Debug|Win32
		{C52ADFCF-7F9B-4C3E-AE6F-4DCA2A9340C4}.Release|Win32.ActiveCfg = Release|Win32
		{C52ADFCF-7F9B-4C3E-AE6F-4DCA2A9340C4}.Release|Win32.Build.0 = Release|Win32
		{C52ADFCF-7F9B-4C3E-AE6F-4DCA2A9340C4}.MinSizeRel|Win32.ActiveCfg = MinSizeRel|Win32
		{C52ADFCF-7F9B-4C3E-AE6F-4DCA2A9340C4}.MinSizeRel|Win32.Build.0 = MinSizeRel|Win32
		{C52ADFCF-7F9B-4C3E-AE6F-4DCA2A9340C4}.RelWithDebInfo|Win32.ActiveCfg = RelWithDebInfo|Win32
		{C52ADFCF-7F9B-4C3E-AE6F-4DCA2A9340C4}.RelWithDebInfo|Win32.Build.0 = RelWithDebInfo|Win32
		{155FE9D2-C41D-4362-898B-799763CAF754}.Debug|Win32.ActiveCfg = Debug|Win32
		{155FE9D2-C41D-4362-898B-799763CAF754}.Debug|Win32.Build.0 = Debug|Win32
		{155FE9D2-C41D-4362-898B-799763CAF754}.Release|Win32.ActiveCfg = Release|Win32
		{155FE9D2-C41D-4362-898B-799763CAF754}.Release|Win32.Build.0 = Release|Win32
		{155FE9D2-C41D-4362-898B-799763CAF754}.MinSizeRel|Win32.ActiveCfg = MinSizeRel|Win32
		{155FE9D2-C41D-4362-898B-799763CAF754}.MinSizeRel|Win32.Build.0 = MinSizeRel|Win32
		{155FE9D2-C41D-4362-898B-799763CAF754}.RelWithDebInfo|Win32.ActiveCfg = RelWithDebInfo|Win32
		{155FE9D2-C41D-4362-898B-799763CAF754}.RelWithDebInfo|Win32.Build.0 = RelWithDebInfo|Win32
		{B238511B-D247-498F-A694-DAD9E8D5F78C}.Debug|Win32.ActiveCfg = Debug|Win32
		{B238511B-D247-498F-A694-DAD9E8D5F78C}.Debug|Win32.Build.0 = Debug|Win32
		{B238511B-D247-498F-A694-DAD9E8D5F78C}.Release|Win32.ActiveCfg = Release|Win32
		{B238511B-D247-498F-A694-DAD9E8D5F78C}.Release|Win32.Build.0 = Release|Win32
		{B238511B-D247-498F-A694-DAD9E8D5F78C}.MinSizeRel|Win32.ActiveCfg = MinSizeRel|Win32
		{B238511B-D247-498F-A694-DAD9E8D5F78C}.MinSizeRel|Win32.Build.0 = MinSizeRel|Win32
		{B238511B-D247-498F-A694-DAD9E8D5F78C}.RelWithDebInfo|Win32.ActiveCfg = RelWithDebInfo|Win32
		{B238511B-D247-498F-A694-DAD9E8D5F78C}.RelWithDebInfo|Win32.Build.0 = RelWithDebInfo|Win32
		{5BCCCD55-F391-484C-AFAB-C20EAEDAE001}.Debug|Win32.ActiveCfg = Debug|Win32
		{5BCCCD55-F391-484C-AFAB-C20EAEDAE001}.Debug|Win32.Build.0 = Debug|Win32
		{5BCCCD55-F391-484C-AFAB-C20EAEDAE001}.Release|Win32.ActiveCfg = Release|Win32
		{5BCCCD55-F391-484C-AFAB-C20EAEDAE001}.Release|Win32.Build.0 = Release|Win32
		{5BCCCD55-F391-484C-AFAB-C20EAEDAE001}.MinSizeRel|Win32.ActiveCfg = MinSizeRel|Win32
		{5BCCCD55-F391-484C-AFAB-C20EAEDAE001}.MinSizeRel|Win32.Build.0 = MinSizeRel|Win32
		{5BCCCD55-F391-484C-AFAB-C20EAEDAE001}.RelWithDebInfo|Win32.ActiveCfg = RelWithDebInfo|Win32
		{5BCCCD55-F391-484C-AFAB-C20EAEDAE001}.RelWithDebInfo|Win32.Build.0 = RelWithDebInfo|Win32
	EndGlobalSection
	GlobalSection(ExtensibilityGlobals) = postSolution
	EndGlobalSection
	GlobalSection(ExtensibilityAddIns) = postSolution
	EndGlobalSection
EndGlobal
