<?xml version="1.0" encoding="UTF-8"?>
<Project ToolsVersion="12.0" xmlns="http://schemas.microsoft.com/developer/msbuild/2003">
  <ItemGroup>
    <CustomBuild Include="D:\Git\dcmtk\VisualStudio\CMakeFiles\0e8b672816b7dcd39194a1ed3254e34e\INSTALL_force.rule">
      <Filter>CMake Rules</Filter>
    </CustomBuild>
  </ItemGroup>
  <ItemGroup>
    <Filter Include="CMake Rules">
      <UniqueIdentifier>{AC39E77E-C60C-42A8-9F67-B56F5BA17477}</UniqueIdentifier>
    </Filter>
  </ItemGroup>
</Project>
