<?xml version="1.0" encoding="UTF-8"?>
<Project ToolsVersion="12.0" xmlns="http://schemas.microsoft.com/developer/msbuild/2003">
  <ItemGroup>
    <ClCompile Include="D:\Git\dcmtk\dcmimgle\libsrc\dcmimage.cc">
      <Filter>Source Files</Filter>
    </ClCompile>
    <ClCompile Include="D:\Git\dcmtk\dcmimgle\libsrc\dibaslut.cc">
      <Filter>Source Files</Filter>
    </ClCompile>
    <ClCompile Include="D:\Git\dcmtk\dcmimgle\libsrc\diciefn.cc">
      <Filter>Source Files</Filter>
    </ClCompile>
    <ClCompile Include="D:\Git\dcmtk\dcmimgle\libsrc\dicielut.cc">
      <Filter>Source Files</Filter>
    </ClCompile>
    <ClCompile Include="D:\Git\dcmtk\dcmimgle\libsrc\didislut.cc">
      <Filter>Source Files</Filter>
    </ClCompile>
    <ClCompile Include="D:\Git\dcmtk\dcmimgle\libsrc\didispfn.cc">
      <Filter>Source Files</Filter>
    </ClCompile>
    <ClCompile Include="D:\Git\dcmtk\dcmimgle\libsrc\didocu.cc">
      <Filter>Source Files</Filter>
    </ClCompile>
    <ClCompile Include="D:\Git\dcmtk\dcmimgle\libsrc\digsdfn.cc">
      <Filter>Source Files</Filter>
    </ClCompile>
    <ClCompile Include="D:\Git\dcmtk\dcmimgle\libsrc\digsdlut.cc">
      <Filter>Source Files</Filter>
    </ClCompile>
    <ClCompile Include="D:\Git\dcmtk\dcmimgle\libsrc\diimage.cc">
      <Filter>Source Files</Filter>
    </ClCompile>
    <ClCompile Include="D:\Git\dcmtk\dcmimgle\libsrc\diinpx.cc">
      <Filter>Source Files</Filter>
    </ClCompile>
    <ClCompile Include="D:\Git\dcmtk\dcmimgle\libsrc\diluptab.cc">
      <Filter>Source Files</Filter>
    </ClCompile>
    <ClCompile Include="D:\Git\dcmtk\dcmimgle\libsrc\dimo1img.cc">
      <Filter>Source Files</Filter>
    </ClCompile>
    <ClCompile Include="D:\Git\dcmtk\dcmimgle\libsrc\dimo2img.cc">
      <Filter>Source Files</Filter>
    </ClCompile>
    <ClCompile Include="D:\Git\dcmtk\dcmimgle\libsrc\dimoimg.cc">
      <Filter>Source Files</Filter>
    </ClCompile>
    <ClCompile Include="D:\Git\dcmtk\dcmimgle\libsrc\dimoimg3.cc">
      <Filter>Source Files</Filter>
    </ClCompile>
    <ClCompile Include="D:\Git\dcmtk\dcmimgle\libsrc\dimoimg4.cc">
      <Filter>Source Files</Filter>
    </ClCompile>
    <ClCompile Include="D:\Git\dcmtk\dcmimgle\libsrc\dimoimg5.cc">
      <Filter>Source Files</Filter>
    </ClCompile>
    <ClCompile Include="D:\Git\dcmtk\dcmimgle\libsrc\dimomod.cc">
      <Filter>Source Files</Filter>
    </ClCompile>
    <ClCompile Include="D:\Git\dcmtk\dcmimgle\libsrc\dimoopx.cc">
      <Filter>Source Files</Filter>
    </ClCompile>
    <ClCompile Include="D:\Git\dcmtk\dcmimgle\libsrc\dimopx.cc">
      <Filter>Source Files</Filter>
    </ClCompile>
    <ClCompile Include="D:\Git\dcmtk\dcmimgle\libsrc\diovdat.cc">
      <Filter>Source Files</Filter>
    </ClCompile>
    <ClCompile Include="D:\Git\dcmtk\dcmimgle\libsrc\diovlay.cc">
      <Filter>Source Files</Filter>
    </ClCompile>
    <ClCompile Include="D:\Git\dcmtk\dcmimgle\libsrc\diovlimg.cc">
      <Filter>Source Files</Filter>
    </ClCompile>
    <ClCompile Include="D:\Git\dcmtk\dcmimgle\libsrc\diovpln.cc">
      <Filter>Source Files</Filter>
    </ClCompile>
    <ClCompile Include="D:\Git\dcmtk\dcmimgle\libsrc\diutils.cc">
      <Filter>Source Files</Filter>
    </ClCompile>
  </ItemGroup>
  <ItemGroup>
    <CustomBuild Include="D:\Git\dcmtk\dcmimgle\libsrc\CMakeLists.txt" />
  </ItemGroup>
  <ItemGroup>
    <Filter Include="Source Files">
      <UniqueIdentifier>{5A6743B0-9C29-42EF-9EA9-D86D5F66114F}</UniqueIdentifier>
    </Filter>
  </ItemGroup>
</Project>
