Microsoft Visual Studio Solution File, Format Version 12.00
# Visual Studio 2013
Project("{8BC9CEB8-8B4A-11D0-8D11-00A0C91BC942}") = "ALL_BUILD", "ALL_BUILD.vcxproj", "{1597849A-BB48-4C81-B6F6-482409648702}"
	ProjectSection(ProjectDependencies) = postProject
		{F8519BAA-BEDB-4C97-9405-4763A18E9413} = {F8519BAA-BEDB-4C97-9405-4763A18E9413}
		{7217BC11-0454-4596-851A-9284994379F3} = {7217BC11-0454-4596-851A-9284994379F3}
		{AE5FB35E-642D-44E6-9AB9-E9F6A343228B} = {AE5FB35E-642D-44E6-9AB9-E9F6A343228B}
		{F940DED6-7B53-4CC5-A163-B3B2105EEEF6} = {F940DED6-7B53-4CC5-A163-B3B2105EEEF6}
		{F25BD7E1-08C8-4B09-9C09-EBBF0CF3351E} = {F25BD7E1-08C8-4B09-9C09-EBBF0CF3351E}
	EndProjectSection
EndProject
Project("{8BC9CEB8-8B4A-11D0-8D11-00A0C91BC942}") = "INSTALL", "INSTALL.vcxproj", "{B32395D5-9CC7-464E-A354-2A1BDB71E13A}"
	ProjectSection(ProjectDependencies) = postProject
		{1597849A-BB48-4C81-B6F6-482409648702} = {1597849A-BB48-4C81-B6F6-482409648702}
	EndProjectSection
EndProject
Project("{8BC9CEB8-8B4A-11D0-8D11-00A0C91BC942}") = "RUN_TESTS", "RUN_TESTS.vcxproj", "{FFB5B1E2-6E02-46D0-977E-456E8425FC6D}"
	ProjectSection(ProjectDependencies) = postProject
	EndProjectSection
EndProject
Project("{8BC9CEB8-8B4A-11D0-8D11-00A0C91BC942}") = "ZERO_CHECK", "..\ZERO_CHECK.vcxproj", "{00490DF6-055A-4CBE-A8A0-BFF27C66B56D}"
	ProjectSection(ProjectDependencies) = postProject
	EndProjectSection
EndProject
Project("{8BC9CEB8-8B4A-11D0-8D11-00A0C91BC942}") = "charls", "libcharls\charls.vcxproj", "{F8519BAA-BEDB-4C97-9405-4763A18E9413}"
	ProjectSection(ProjectDependencies) = postProject
		{00490DF6-055A-4CBE-A8A0-BFF27C66B56D} = {00490DF6-055A-4CBE-A8A0-BFF27C66B56D}
	EndProjectSection
EndProject
Project("{8BC9CEB8-8B4A-11D0-8D11-00A0C91BC942}") = "dcmcjpls", "apps\dcmcjpls.vcxproj", "{7217BC11-0454-4596-851A-9284994379F3}"
	ProjectSection(ProjectDependencies) = postProject
		{00490DF6-055A-4CBE-A8A0-BFF27C66B56D} = {00490DF6-055A-4CBE-A8A0-BFF27C66B56D}
		{F8519BAA-BEDB-4C97-9405-4763A18E9413} = {F8519BAA-BEDB-4C97-9405-4763A18E9413}
		{CF7A4B91-41B9-4EEB-B0E3-F0B1859CABB6} = {CF7A4B91-41B9-4EEB-B0E3-F0B1859CABB6}
		{8123CC8F-131F-48E1-91AE-911770E4974C} = {8123CC8F-131F-48E1-91AE-911770E4974C}
		{C5338392-9F62-4382-A666-44CA0E24DE80} = {C5338392-9F62-4382-A666-44CA0E24DE80}
		{F940DED6-7B53-4CC5-A163-B3B2105EEEF6} = {F940DED6-7B53-4CC5-A163-B3B2105EEEF6}
		{C52ADFCF-7F9B-4C3E-AE6F-4DCA2A9340C4} = {C52ADFCF-7F9B-4C3E-AE6F-4DCA2A9340C4}
		{155FE9D2-C41D-4362-898B-799763CAF754} = {155FE9D2-C41D-4362-898B-799763CAF754}
	EndProjectSection
EndProject
Project("{8BC9CEB8-8B4A-11D0-8D11-00A0C91BC942}") = "dcmdata", "..\dcmdata\libsrc\dcmdata.vcxproj", "{CF7A4B91-41B9-4EEB-B0E3-F0B1859CABB6}"
	ProjectSection(ProjectDependencies) = postProject
		{00490DF6-055A-4CBE-A8A0-BFF27C66B56D} = {00490DF6-055A-4CBE-A8A0-BFF27C66B56D}
		{C52ADFCF-7F9B-4C3E-AE6F-4DCA2A9340C4} = {C52ADFCF-7F9B-4C3E-AE6F-4DCA2A9340C4}
		{155FE9D2-C41D-4362-898B-799763CAF754} = {155FE9D2-C41D-4362-898B-799763CAF754}
	EndProjectSection
EndProject
Project("{8BC9CEB8-8B4A-11D0-8D11-00A0C91BC942}") = "dcmdjpls", "apps\dcmdjpls.vcxproj", "{AE5FB35E-642D-44E6-9AB9-E9F6A343228B}"
	ProjectSection(ProjectDependencies) = postProject
		{00490DF6-055A-4CBE-A8A0-BFF27C66B56D} = {00490DF6-055A-4CBE-A8A0-BFF27C66B56D}
		{F8519BAA-BEDB-4C97-9405-4763A18E9413} = {F8519BAA-BEDB-4C97-9405-4763A18E9413}
		{CF7A4B91-41B9-4EEB-B0E3-F0B1859CABB6} = {CF7A4B91-41B9-4EEB-B0E3-F0B1859CABB6}
		{8123CC8F-131F-48E1-91AE-911770E4974C} = {8123CC8F-131F-48E1-91AE-911770E4974C}
		{C5338392-9F62-4382-A666-44CA0E24DE80} = {C5338392-9F62-4382-A666-44CA0E24DE80}
		{F940DED6-7B53-4CC5-A163-B3B2105EEEF6} = {F940DED6-7B53-4CC5-A163-B3B2105EEEF6}
		{C52ADFCF-7F9B-4C3E-AE6F-4DCA2A9340C4} = {C52ADFCF-7F9B-4C3E-AE6F-4DCA2A9340C4}
		{155FE9D2-C41D-4362-898B-799763CAF754} = {155FE9D2-C41D-4362-898B-799763CAF754}
	EndProjectSection
EndProject
Project("{8BC9CEB8-8B4A-11D0-8D11-00A0C91BC942}") = "dcmimage", "..\dcmimage\libsrc\dcmimage.vcxproj", "{8123CC8F-131F-48E1-91AE-911770E4974C}"
	ProjectSection(ProjectDependencies) = postProject
		{00490DF6-055A-4CBE-A8A0-BFF27C66B56D} = {00490DF6-055A-4CBE-A8A0-BFF27C66B56D}
		{CF7A4B91-41B9-4EEB-B0E3-F0B1859CABB6} = {CF7A4B91-41B9-4EEB-B0E3-F0B1859CABB6}
		{C5338392-9F62-4382-A666-44CA0E24DE80} = {C5338392-9F62-4382-A666-44CA0E24DE80}
		{C52ADFCF-7F9B-4C3E-AE6F-4DCA2A9340C4} = {C52ADFCF-7F9B-4C3E-AE6F-4DCA2A9340C4}
		{155FE9D2-C41D-4362-898B-799763CAF754} = {155FE9D2-C41D-4362-898B-799763CAF754}
	EndProjectSection
EndProject
Project("{8BC9CEB8-8B4A-11D0-8D11-00A0C91BC942}") = "dcmimgle", "..\dcmimgle\libsrc\dcmimgle.vcxproj", "{C5338392-9F62-4382-A666-44CA0E24DE80}"
	ProjectSection(ProjectDependencies) = postProject
		{00490DF6-055A-4CBE-A8A0-BFF27C66B56D} = {00490DF6-055A-4CBE-A8A0-BFF27C66B56D}
		{CF7A4B91-41B9-4EEB-B0E3-F0B1859CABB6} = {CF7A4B91-41B9-4EEB-B0E3-F0B1859CABB6}
		{C52ADFCF-7F9B-4C3E-AE6F-4DCA2A9340C4} = {C52ADFCF-7F9B-4C3E-AE6F-4DCA2A9340C4}
		{155FE9D2-C41D-4362-898B-799763CAF754} = {155FE9D2-C41D-4362-898B-799763CAF754}
	EndProjectSection
EndProject
Project("{8BC9CEB8-8B4A-11D0-8D11-00A0C91BC942}") = "dcmjpls", "libsrc\dcmjpls.vcxproj", "{F940DED6-7B53-4CC5-A163-B3B2105EEEF6}"
	ProjectSection(ProjectDependencies) = postProject
		{00490DF6-055A-4CBE-A8A0-BFF27C66B56D} = {00490DF6-055A-4CBE-A8A0-BFF27C66B56D}
		{F8519BAA-BEDB-4C97-9405-4763A18E9413} = {F8519BAA-BEDB-4C97-9405-4763A18E9413}
		{CF7A4B91-41B9-4EEB-B0E3-F0B1859CABB6} = {CF7A4B91-41B9-4EEB-B0E3-F0B1859CABB6}
		{8123CC8F-131F-48E1-91AE-911770E4974C} = {8123CC8F-131F-48E1-91AE-911770E4974C}
		{C5338392-9F62-4382-A666-44CA0E24DE80} = {C5338392-9F62-4382-A666-44CA0E24DE80}
		{C52ADFCF-7F9B-4C3E-AE6F-4DCA2A9340C4} = {C52ADFCF-7F9B-4C3E-AE6F-4DCA2A9340C4}
		{155FE9D2-C41D-4362-898B-799763CAF754} = {155FE9D2-C41D-4362-898B-799763CAF754}
	EndProjectSection
EndProject
Project("{8BC9CEB8-8B4A-11D0-8D11-00A0C91BC942}") = "dcml2pnm", "apps\dcml2pnm.vcxproj", "{F25BD7E1-08C8-4B09-9C09-EBBF0CF3351E}"
	ProjectSection(ProjectDependencies) = postProject
		{00490DF6-055A-4CBE-A8A0-BFF27C66B56D} = {00490DF6-055A-4CBE-A8A0-BFF27C66B56D}
		{F8519BAA-BEDB-4C97-9405-4763A18E9413} = {F8519BAA-BEDB-4C97-9405-4763A18E9413}
		{CF7A4B91-41B9-4EEB-B0E3-F0B1859CABB6} = {CF7A4B91-41B9-4EEB-B0E3-F0B1859CABB6}
		{8123CC8F-131F-48E1-91AE-911770E4974C} = {8123CC8F-131F-48E1-91AE-911770E4974C}
		{C5338392-9F62-4382-A666-44CA0E24DE80} = {C5338392-9F62-4382-A666-44CA0E24DE80}
		{F940DED6-7B53-4CC5-A163-B3B2105EEEF6} = {F940DED6-7B53-4CC5-A163-B3B2105EEEF6}
		{C52ADFCF-7F9B-4C3E-AE6F-4DCA2A9340C4} = {C52ADFCF-7F9B-4C3E-AE6F-4DCA2A9340C4}
		{155FE9D2-C41D-4362-898B-799763CAF754} = {155FE9D2-C41D-4362-898B-799763CAF754}
	EndProjectSection
EndProject
Project("{8BC9CEB8-8B4A-11D0-8D11-00A0C91BC942}") = "oflog", "..\oflog\libsrc\oflog.vcxproj", "{C52ADFCF-7F9B-4C3E-AE6F-4DCA2A9340C4}"
	ProjectSection(ProjectDependencies) = postProject
		{00490DF6-055A-4CBE-A8A0-BFF27C66B56D} = {00490DF6-055A-4CBE-A8A0-BFF27C66B56D}
		{155FE9D2-C41D-4362-898B-799763CAF754} = {155FE9D2-C41D-4362-898B-799763CAF754}
	EndProjectSection
EndProject
Project("{8BC9CEB8-8B4A-11D0-8D11-00A0C91BC942}") = "ofstd", "..\ofstd\libsrc\ofstd.vcxproj", "{155FE9D2-C41D-4362-898B-799763CAF754}"
	ProjectSection(ProjectDependencies) = postProject
		{00490DF6-055A-4CBE-A8A0-BFF27C66B56D} = {00490DF6-055A-4CBE-A8A0-BFF27C66B56D}
	EndProjectSection
EndProject
Global
	GlobalSection(SolutionConfigurationPlatforms) = preSolution
		Debug|Win32 = Debug|Win32
		Release|Win32 = Release|Win32
		MinSizeRel|Win32 = MinSizeRel|Win32
		RelWithDebInfo|Win32 = RelWithDebInfo|Win32
	EndGlobalSection
	GlobalSection(ProjectConfigurationPlatforms) = postSolution
		{1597849A-BB48-4C81-B6F6-482409648702}.Debug|Win32.ActiveCfg = Debug|Win32
		{1597849A-BB48-4C81-B6F6-482409648702}.Debug|Win32.Build.0 = Debug|Win32
		{1597849A-BB48-4C81-B6F6-482409648702}.Release|Win32.ActiveCfg = Release|Win32
		{1597849A-BB48-4C81-B6F6-482409648702}.Release|Win32.Build.0 = Release|Win32
		{1597849A-BB48-4C81-B6F6-482409648702}.MinSizeRel|Win32.ActiveCfg = MinSizeRel|Win32
		{1597849A-BB48-4C81-B6F6-482409648702}.MinSizeRel|Win32.Build.0 = MinSizeRel|Win32
		{1597849A-BB48-4C81-B6F6-482409648702}.RelWithDebInfo|Win32.ActiveCfg = RelWithDebInfo|Win32
		{1597849A-BB48-4C81-B6F6-482409648702}.RelWithDebInfo|Win32.Build.0 = RelWithDebInfo|Win32
		{B32395D5-9CC7-464E-A354-2A1BDB71E13A}.Debug|Win32.ActiveCfg = Debug|Win32
		{B32395D5-9CC7-464E-A354-2A1BDB71E13A}.Release|Win32.ActiveCfg = Release|Win32
		{B32395D5-9CC7-464E-A354-2A1BDB71E13A}.MinSizeRel|Win32.ActiveCfg = MinSizeRel|Win32
		{B32395D5-9CC7-464E-A354-2A1BDB71E13A}.RelWithDebInfo|Win32.ActiveCfg = RelWithDebInfo|Win32
		{FFB5B1E2-6E02-46D0-977E-456E8425FC6D}.Debug|Win32.ActiveCfg = Debug|Win32
		{FFB5B1E2-6E02-46D0-977E-456E8425FC6D}.Release|Win32.ActiveCfg = Release|Win32
		{FFB5B1E2-6E02-46D0-977E-456E8425FC6D}.MinSizeRel|Win32.ActiveCfg = MinSizeRel|Win32
		{FFB5B1E2-6E02-46D0-977E-456E8425FC6D}.RelWithDebInfo|Win32.ActiveCfg = RelWithDebInfo|Win32
		{00490DF6-055A-4CBE-A8A0-BFF27C66B56D}.Debug|Win32.ActiveCfg = Debug|Win32
		{00490DF6-055A-4CBE-A8A0-BFF27C66B56D}.Debug|Win32.Build.0 = Debug|Win32
		{00490DF6-055A-4CBE-A8A0-BFF27C66B56D}.Release|Win32.ActiveCfg = Release|Win32
		{00490DF6-055A-4CBE-A8A0-BFF27C66B56D}.Release|Win32.Build.0 = Release|Win32
		{00490DF6-055A-4CBE-A8A0-BFF27C66B56D}.MinSizeRel|Win32.ActiveCfg = MinSizeRel|Win32
		{00490DF6-055A-4CBE-A8A0-BFF27C66B56D}.MinSizeRel|Win32.Build.0 = MinSizeRel|Win32
		{00490DF6-055A-4CBE-A8A0-BFF27C66B56D}.RelWithDebInfo|Win32.ActiveCfg = RelWithDebInfo|Win32
		{00490DF6-055A-4CBE-A8A0-BFF27C66B56D}.RelWithDebInfo|Win32.Build.0 = RelWithDebInfo|Win32
		{F8519BAA-BEDB-4C97-9405-4763A18E9413}.Debug|Win32.ActiveCfg = Debug|Win32
		{F8519BAA-BEDB-4C97-9405-4763A18E9413}.Debug|Win32.Build.0 = Debug|Win32
		{F8519BAA-BEDB-4C97-9405-4763A18E9413}.Release|Win32.ActiveCfg = Release|Win32
		{F8519BAA-BEDB-4C97-9405-4763A18E9413}.Release|Win32.Build.0 = Release|Win32
		{F8519BAA-BEDB-4C97-9405-4763A18E9413}.MinSizeRel|Win32.ActiveCfg = MinSizeRel|Win32
		{F8519BAA-BEDB-4C97-9405-4763A18E9413}.MinSizeRel|Win32.Build.0 = MinSizeRel|Win32
		{F8519BAA-BEDB-4C97-9405-4763A18E9413}.RelWithDebInfo|Win32.ActiveCfg = RelWithDebInfo|Win32
		{F8519BAA-BEDB-4C97-9405-4763A18E9413}.RelWithDebInfo|Win32.Build.0 = RelWithDebInfo|Win32
		{7217BC11-0454-4596-851A-9284994379F3}.Debug|Win32.ActiveCfg = Debug|Win32
		{7217BC11-0454-4596-851A-9284994379F3}.Debug|Win32.Build.0 = Debug|Win32
		{7217BC11-0454-4596-851A-9284994379F3}.Release|Win32.ActiveCfg = Release|Win32
		{7217BC11-0454-4596-851A-9284994379F3}.Release|Win32.Build.0 = Release|Win32
		{7217BC11-0454-4596-851A-9284994379F3}.MinSizeRel|Win32.ActiveCfg = MinSizeRel|Win32
		{7217BC11-0454-4596-851A-9284994379F3}.MinSizeRel|Win32.Build.0 = MinSizeRel|Win32
		{7217BC11-0454-4596-851A-9284994379F3}.RelWithDebInfo|Win32.ActiveCfg = RelWithDebInfo|Win32
		{7217BC11-0454-4596-851A-9284994379F3}.RelWithDebInfo|Win32.Build.0 = RelWithDebInfo|Win32
		{CF7A4B91-41B9-4EEB-B0E3-F0B1859CABB6}.Debug|Win32.ActiveCfg = Debug|Win32
		{CF7A4B91-41B9-4EEB-B0E3-F0B1859CABB6}.Debug|Win32.Build.0 = Debug|Win32
		{CF7A4B91-41B9-4EEB-B0E3-F0B1859CABB6}.Release|Win32.ActiveCfg = Release|Win32
		{CF7A4B91-41B9-4EEB-B0E3-F0B1859CABB6}.Release|Win32.Build.0 = Release|Win32
		{CF7A4B91-41B9-4EEB-B0E3-F0B1859CABB6}.MinSizeRel|Win32.ActiveCfg = MinSizeRel|Win32
		{CF7A4B91-41B9-4EEB-B0E3-F0B1859CABB6}.MinSizeRel|Win32.Build.0 = MinSizeRel|Win32
		{CF7A4B91-41B9-4EEB-B0E3-F0B1859CABB6}.RelWithDebInfo|Win32.ActiveCfg = RelWithDebInfo|Win32
		{CF7A4B91-41B9-4EEB-B0E3-F0B1859CABB6}.RelWithDebInfo|Win32.Build.0 = RelWithDebInfo|Win32
		{AE5FB35E-642D-44E6-9AB9-E9F6A343228B}.Debug|Win32.ActiveCfg = Debug|Win32
		{AE5FB35E-642D-44E6-9AB9-E9F6A343228B}.Debug|Win32.Build.0 = Debug|Win32
		{AE5FB35E-642D-44E6-9AB9-E9F6A343228B}.Release|Win32.ActiveCfg = Release|Win32
		{AE5FB35E-642D-44E6-9AB9-E9F6A343228B}.Release|Win32.Build.0 = Release|Win32
		{AE5FB35E-642D-44E6-9AB9-E9F6A343228B}.MinSizeRel|Win32.ActiveCfg = MinSizeRel|Win32
		{AE5FB35E-642D-44E6-9AB9-E9F6A343228B}.MinSizeRel|Win32.Build.0 = MinSizeRel|Win32
		{AE5FB35E-642D-44E6-9AB9-E9F6A343228B}.RelWithDebInfo|Win32.ActiveCfg = RelWithDebInfo|Win32
		{AE5FB35E-642D-44E6-9AB9-E9F6A343228B}.RelWithDebInfo|Win32.Build.0 = RelWithDebInfo|Win32
		{8123CC8F-131F-48E1-91AE-911770E4974C}.Debug|Win32.ActiveCfg = Debug|Win32
		{8123CC8F-131F-48E1-91AE-911770E4974C}.Debug|Win32.Build.0 = Debug|Win32
		{8123CC8F-131F-48E1-91AE-911770E4974C}.Release|Win32.ActiveCfg = Release|Win32
		{8123CC8F-131F-48E1-91AE-911770E4974C}.Release|Win32.Build.0 = Release|Win32
		{8123CC8F-131F-48E1-91AE-911770E4974C}.MinSizeRel|Win32.ActiveCfg = MinSizeRel|Win32
		{8123CC8F-131F-48E1-91AE-911770E4974C}.MinSizeRel|Win32.Build.0 = MinSizeRel|Win32
		{8123CC8F-131F-48E1-91AE-911770E4974C}.RelWithDebInfo|Win32.ActiveCfg = RelWithDebInfo|Win32
		{8123CC8F-131F-48E1-91AE-911770E4974C}.RelWithDebInfo|Win32.Build.0 = RelWithDebInfo|Win32
		{C5338392-9F62-4382-A666-44CA0E24DE80}.Debug|Win32.ActiveCfg = Debug|Win32
		{C5338392-9F62-4382-A666-44CA0E24DE80}.Debug|Win32.Build.0 = Debug|Win32
		{C5338392-9F62-4382-A666-44CA0E24DE80}.Release|Win32.ActiveCfg = Release|Win32
		{C5338392-9F62-4382-A666-44CA0E24DE80}.Release|Win32.Build.0 = Release|Win32
		{C5338392-9F62-4382-A666-44CA0E24DE80}.MinSizeRel|Win32.ActiveCfg = MinSizeRel|Win32
		{C5338392-9F62-4382-A666-44CA0E24DE80}.MinSizeRel|Win32.Build.0 = MinSizeRel|Win32
		{C5338392-9F62-4382-A666-44CA0E24DE80}.RelWithDebInfo|Win32.ActiveCfg = RelWithDebInfo|Win32
		{C5338392-9F62-4382-A666-44CA0E24DE80}.RelWithDebInfo|Win32.Build.0 = RelWithDebInfo|Win32
		{F940DED6-7B53-4CC5-A163-B3B2105EEEF6}.Debug|Win32.ActiveCfg = Debug|Win32
		{F940DED6-7B53-4CC5-A163-B3B2105EEEF6}.Debug|Win32.Build.0 = Debug|Win32
		{F940DED6-7B53-4CC5-A163-B3B2105EEEF6}.Release|Win32.ActiveCfg = Release|Win32
		{F940DED6-7B53-4CC5-A163-B3B2105EEEF6}.Release|Win32.Build.0 = Release|Win32
		{F940DED6-7B53-4CC5-A163-B3B2105EEEF6}.MinSizeRel|Win32.ActiveCfg = MinSizeRel|Win32
		{F940DED6-7B53-4CC5-A163-B3B2105EEEF6}.MinSizeRel|Win32.Build.0 = MinSizeRel|Win32
		{F940DED6-7B53-4CC5-A163-B3B2105EEEF6}.RelWithDebInfo|Win32.ActiveCfg = RelWithDebInfo|Win32
		{F940DED6-7B53-4CC5-A163-B3B2105EEEF6}.RelWithDebInfo|Win32.Build.0 = RelWithDebInfo|Win32
		{F25BD7E1-08C8-4B09-9C09-EBBF0CF3351E}.Debug|Win32.ActiveCfg = Debug|Win32
		{F25BD7E1-08C8-4B09-9C09-EBBF0CF3351E}.Debug|Win32.Build.0 = Debug|Win32
		{F25BD7E1-08C8-4B09-9C09-EBBF0CF3351E}.Release|Win32.ActiveCfg = Release|Win32
		{F25BD7E1-08C8-4B09-9C09-EBBF0CF3351E}.Release|Win32.Build.0 = Release|Win32
		{F25BD7E1-08C8-4B09-9C09-EBBF0CF3351E}.MinSizeRel|Win32.ActiveCfg = MinSizeRel|Win32
		{F25BD7E1-08C8-4B09-9C09-EBBF0CF3351E}.MinSizeRel|Win32.Build.0 = MinSizeRel|Win32
		{F25BD7E1-08C8-4B09-9C09-EBBF0CF3351E}.RelWithDebInfo|Win32.ActiveCfg = RelWithDebInfo|Win32
		{F25BD7E1-08C8-4B09-9C09-EBBF0CF3351E}.RelWithDebInfo|Win32.Build.0 = RelWithDebInfo|Win32
		{C52ADFCF-7F9B-4C3E-AE6F-4DCA2A9340C4}.Debug|Win32.ActiveCfg = Debug|Win32
		{C52ADFCF-7F9B-4C3E-AE6F-4DCA2A9340C4}.Debug|Win32.Build.0 = Debug|Win32
		{C52ADFCF-7F9B-4C3E-AE6F-4DCA2A9340C4}.Release|Win32.ActiveCfg = Release|Win32
		{C52ADFCF-7F9B-4C3E-AE6F-4DCA2A9340C4}.Release|Win32.Build.0 = Release|Win32
		{C52ADFCF-7F9B-4C3E-AE6F-4DCA2A9340C4}.MinSizeRel|Win32.ActiveCfg = MinSizeRel|Win32
		{C52ADFCF-7F9B-4C3E-AE6F-4DCA2A9340C4}.MinSizeRel|Win32.Build.0 = MinSizeRel|Win32
		{C52ADFCF-7F9B-4C3E-AE6F-4DCA2A9340C4}.RelWithDebInfo|Win32.ActiveCfg = RelWithDebInfo|Win32
		{C52ADFCF-7F9B-4C3E-AE6F-4DCA2A9340C4}.RelWithDebInfo|Win32.Build.0 = RelWithDebInfo|Win32
		{155FE9D2-C41D-4362-898B-799763CAF754}.Debug|Win32.ActiveCfg = Debug|Win32
		{155FE9D2-C41D-4362-898B-799763CAF754}.Debug|Win32.Build.0 = Debug|Win32
		{155FE9D2-C41D-4362-898B-799763CAF754}.Release|Win32.ActiveCfg = Release|Win32
		{155FE9D2-C41D-4362-898B-799763CAF754}.Release|Win32.Build.0 = Release|Win32
		{155FE9D2-C41D-4362-898B-799763CAF754}.MinSizeRel|Win32.ActiveCfg = MinSizeRel|Win32
		{155FE9D2-C41D-4362-898B-799763CAF754}.MinSizeRel|Win32.Build.0 = MinSizeRel|Win32
		{155FE9D2-C41D-4362-898B-799763CAF754}.RelWithDebInfo|Win32.ActiveCfg = RelWithDebInfo|Win32
		{155FE9D2-C41D-4362-898B-799763CAF754}.RelWithDebInfo|Win32.Build.0 = RelWithDebInfo|Win32
	EndGlobalSection
	GlobalSection(ExtensibilityGlobals) = postSolution
	EndGlobalSection
	GlobalSection(ExtensibilityAddIns) = postSolution
	EndGlobalSection
EndGlobal
