<?xml version="1.0" encoding="UTF-8"?>
<Project ToolsVersion="12.0" xmlns="http://schemas.microsoft.com/developer/msbuild/2003">
  <ItemGroup>
    <ClCompile Include="D:\Git\dcmtk\dcmdata\tests\tests.cc">
      <Filter>Source Files</Filter>
    </ClCompile>
    <ClCompile Include="D:\Git\dcmtk\dcmdata\tests\tpread.cc">
      <Filter>Source Files</Filter>
    </ClCompile>
    <ClCompile Include="D:\Git\dcmtk\dcmdata\tests\ti2dbmp.cc">
      <Filter>Source Files</Filter>
    </ClCompile>
    <ClCompile Include="D:\Git\dcmtk\dcmdata\tests\tchval.cc">
      <Filter>Source Files</Filter>
    </ClCompile>
    <ClCompile Include="D:\Git\dcmtk\dcmdata\tests\tpath.cc">
      <Filter>Source Files</Filter>
    </ClCompile>
    <ClCompile Include="D:\Git\dcmtk\dcmdata\tests\tvrdatim.cc">
      <Filter>Source Files</Filter>
    </ClCompile>
    <ClCompile Include="D:\Git\dcmtk\dcmdata\tests\telemlen.cc">
      <Filter>Source Files</Filter>
    </ClCompile>
    <ClCompile Include="D:\Git\dcmtk\dcmdata\tests\tparser.cc">
      <Filter>Source Files</Filter>
    </ClCompile>
    <ClCompile Include="D:\Git\dcmtk\dcmdata\tests\tdict.cc">
      <Filter>Source Files</Filter>
    </ClCompile>
    <ClCompile Include="D:\Git\dcmtk\dcmdata\tests\tvrds.cc">
      <Filter>Source Files</Filter>
    </ClCompile>
    <ClCompile Include="D:\Git\dcmtk\dcmdata\tests\tvrfd.cc">
      <Filter>Source Files</Filter>
    </ClCompile>
    <ClCompile Include="D:\Git\dcmtk\dcmdata\tests\tvrui.cc">
      <Filter>Source Files</Filter>
    </ClCompile>
    <ClCompile Include="D:\Git\dcmtk\dcmdata\tests\tstrval.cc">
      <Filter>Source Files</Filter>
    </ClCompile>
    <ClCompile Include="D:\Git\dcmtk\dcmdata\tests\tspchrs.cc">
      <Filter>Source Files</Filter>
    </ClCompile>
    <ClCompile Include="D:\Git\dcmtk\dcmdata\tests\tvrpn.cc">
      <Filter>Source Files</Filter>
    </ClCompile>
    <ClCompile Include="D:\Git\dcmtk\dcmdata\tests\tparent.cc">
      <Filter>Source Files</Filter>
    </ClCompile>
    <ClCompile Include="D:\Git\dcmtk\dcmdata\tests\tfilter.cc">
      <Filter>Source Files</Filter>
    </ClCompile>
    <ClCompile Include="D:\Git\dcmtk\dcmdata\tests\tvrcomp.cc">
      <Filter>Source Files</Filter>
    </ClCompile>
  </ItemGroup>
  <ItemGroup>
    <CustomBuild Include="D:\Git\dcmtk\dcmdata\tests\CMakeLists.txt" />
  </ItemGroup>
  <ItemGroup>
    <Filter Include="Source Files">
      <UniqueIdentifier>{5A6743B0-9C29-42EF-9EA9-D86D5F66114F}</UniqueIdentifier>
    </Filter>
  </ItemGroup>
</Project>
