Microsoft Visual Studio Solution File, Format Version 12.00
# Visual Studio 2013
Project("{8BC9CEB8-8B4A-11D0-8D11-00A0C91BC942}") = "ALL_BUILD", "ALL_BUILD.vcxproj", "{1597849A-BB48-4C81-B6F6-482409648702}"
	ProjectSection(ProjectDependencies) = postProject
		{C1A24F85-52CE-4B5A-B7BF-12F7A0D12179} = {C1A24F85-52CE-4B5A-B7BF-12F7A0D12179}
		{17BD1A81-2A44-4A17-8AFB-A4D962A91EC1} = {17BD1A81-2A44-4A17-8AFB-A4D962A91EC1}
		{F9CB5173-1590-4534-8C63-1CF256CFCECB} = {F9CB5173-1590-4534-8C63-1CF256CFCECB}
		{3CDCB205-FE93-4BE5-AB2C-B59FEBB41068} = {3CDCB205-FE93-4BE5-AB2C-B59FEBB41068}
		{529CCF5E-6FFC-45F4-BC31-1DF8983309B7} = {529CCF5E-6FFC-45F4-BC31-1DF8983309B7}
		{7DF11BEA-F73F-45C6-BDA7-6C8247E7D72D} = {7DF11BEA-F73F-45C6-BDA7-6C8247E7D72D}
		{5245805D-62C0-47F7-9D1D-DE727C3E3E24} = {5245805D-62C0-47F7-9D1D-DE727C3E3E24}
		{FE2E50B5-3B5D-44E5-AD6C-C3642BF64876} = {FE2E50B5-3B5D-44E5-AD6C-C3642BF64876}
	EndProjectSection
EndProject
Project("{8BC9CEB8-8B4A-11D0-8D11-00A0C91BC942}") = "INSTALL", "INSTALL.vcxproj", "{B32395D5-9CC7-464E-A354-2A1BDB71E13A}"
	ProjectSection(ProjectDependencies) = postProject
		{1597849A-BB48-4C81-B6F6-482409648702} = {1597849A-BB48-4C81-B6F6-482409648702}
	EndProjectSection
EndProject
Project("{8BC9CEB8-8B4A-11D0-8D11-00A0C91BC942}") = "RUN_TESTS", "RUN_TESTS.vcxproj", "{FFB5B1E2-6E02-46D0-977E-456E8425FC6D}"
	ProjectSection(ProjectDependencies) = postProject
	EndProjectSection
EndProject
Project("{8BC9CEB8-8B4A-11D0-8D11-00A0C91BC942}") = "ZERO_CHECK", "..\ZERO_CHECK.vcxproj", "{00490DF6-055A-4CBE-A8A0-BFF27C66B56D}"
	ProjectSection(ProjectDependencies) = postProject
	EndProjectSection
EndProject
Project("{8BC9CEB8-8B4A-11D0-8D11-00A0C91BC942}") = "dcmcjpeg", "apps\dcmcjpeg.vcxproj", "{C1A24F85-52CE-4B5A-B7BF-12F7A0D12179}"
	ProjectSection(ProjectDependencies) = postProject
		{00490DF6-055A-4CBE-A8A0-BFF27C66B56D} = {00490DF6-055A-4CBE-A8A0-BFF27C66B56D}
		{CF7A4B91-41B9-4EEB-B0E3-F0B1859CABB6} = {CF7A4B91-41B9-4EEB-B0E3-F0B1859CABB6}
		{8123CC8F-131F-48E1-91AE-911770E4974C} = {8123CC8F-131F-48E1-91AE-911770E4974C}
		{C5338392-9F62-4382-A666-44CA0E24DE80} = {C5338392-9F62-4382-A666-44CA0E24DE80}
		{3CDCB205-FE93-4BE5-AB2C-B59FEBB41068} = {3CDCB205-FE93-4BE5-AB2C-B59FEBB41068}
		{7DF11BEA-F73F-45C6-BDA7-6C8247E7D72D} = {7DF11BEA-F73F-45C6-BDA7-6C8247E7D72D}
		{5245805D-62C0-47F7-9D1D-DE727C3E3E24} = {5245805D-62C0-47F7-9D1D-DE727C3E3E24}
		{FE2E50B5-3B5D-44E5-AD6C-C3642BF64876} = {FE2E50B5-3B5D-44E5-AD6C-C3642BF64876}
		{C52ADFCF-7F9B-4C3E-AE6F-4DCA2A9340C4} = {C52ADFCF-7F9B-4C3E-AE6F-4DCA2A9340C4}
		{155FE9D2-C41D-4362-898B-799763CAF754} = {155FE9D2-C41D-4362-898B-799763CAF754}
	EndProjectSection
EndProject
Project("{8BC9CEB8-8B4A-11D0-8D11-00A0C91BC942}") = "dcmdata", "..\dcmdata\libsrc\dcmdata.vcxproj", "{CF7A4B91-41B9-4EEB-B0E3-F0B1859CABB6}"
	ProjectSection(ProjectDependencies) = postProject
		{00490DF6-055A-4CBE-A8A0-BFF27C66B56D} = {00490DF6-055A-4CBE-A8A0-BFF27C66B56D}
		{C52ADFCF-7F9B-4C3E-AE6F-4DCA2A9340C4} = {C52ADFCF-7F9B-4C3E-AE6F-4DCA2A9340C4}
		{155FE9D2-C41D-4362-898B-799763CAF754} = {155FE9D2-C41D-4362-898B-799763CAF754}
	EndProjectSection
EndProject
Project("{8BC9CEB8-8B4A-11D0-8D11-00A0C91BC942}") = "dcmdjpeg", "apps\dcmdjpeg.vcxproj", "{17BD1A81-2A44-4A17-8AFB-A4D962A91EC1}"
	ProjectSection(ProjectDependencies) = postProject
		{00490DF6-055A-4CBE-A8A0-BFF27C66B56D} = {00490DF6-055A-4CBE-A8A0-BFF27C66B56D}
		{CF7A4B91-41B9-4EEB-B0E3-F0B1859CABB6} = {CF7A4B91-41B9-4EEB-B0E3-F0B1859CABB6}
		{8123CC8F-131F-48E1-91AE-911770E4974C} = {8123CC8F-131F-48E1-91AE-911770E4974C}
		{C5338392-9F62-4382-A666-44CA0E24DE80} = {C5338392-9F62-4382-A666-44CA0E24DE80}
		{3CDCB205-FE93-4BE5-AB2C-B59FEBB41068} = {3CDCB205-FE93-4BE5-AB2C-B59FEBB41068}
		{7DF11BEA-F73F-45C6-BDA7-6C8247E7D72D} = {7DF11BEA-F73F-45C6-BDA7-6C8247E7D72D}
		{5245805D-62C0-47F7-9D1D-DE727C3E3E24} = {5245805D-62C0-47F7-9D1D-DE727C3E3E24}
		{FE2E50B5-3B5D-44E5-AD6C-C3642BF64876} = {FE2E50B5-3B5D-44E5-AD6C-C3642BF64876}
		{C52ADFCF-7F9B-4C3E-AE6F-4DCA2A9340C4} = {C52ADFCF-7F9B-4C3E-AE6F-4DCA2A9340C4}
		{155FE9D2-C41D-4362-898B-799763CAF754} = {155FE9D2-C41D-4362-898B-799763CAF754}
	EndProjectSection
EndProject
Project("{8BC9CEB8-8B4A-11D0-8D11-00A0C91BC942}") = "dcmimage", "..\dcmimage\libsrc\dcmimage.vcxproj", "{8123CC8F-131F-48E1-91AE-911770E4974C}"
	ProjectSection(ProjectDependencies) = postProject
		{00490DF6-055A-4CBE-A8A0-BFF27C66B56D} = {00490DF6-055A-4CBE-A8A0-BFF27C66B56D}
		{CF7A4B91-41B9-4EEB-B0E3-F0B1859CABB6} = {CF7A4B91-41B9-4EEB-B0E3-F0B1859CABB6}
		{C5338392-9F62-4382-A666-44CA0E24DE80} = {C5338392-9F62-4382-A666-44CA0E24DE80}
		{C52ADFCF-7F9B-4C3E-AE6F-4DCA2A9340C4} = {C52ADFCF-7F9B-4C3E-AE6F-4DCA2A9340C4}
		{155FE9D2-C41D-4362-898B-799763CAF754} = {155FE9D2-C41D-4362-898B-799763CAF754}
	EndProjectSection
EndProject
Project("{8BC9CEB8-8B4A-11D0-8D11-00A0C91BC942}") = "dcmimgle", "..\dcmimgle\libsrc\dcmimgle.vcxproj", "{C5338392-9F62-4382-A666-44CA0E24DE80}"
	ProjectSection(ProjectDependencies) = postProject
		{00490DF6-055A-4CBE-A8A0-BFF27C66B56D} = {00490DF6-055A-4CBE-A8A0-BFF27C66B56D}
		{CF7A4B91-41B9-4EEB-B0E3-F0B1859CABB6} = {CF7A4B91-41B9-4EEB-B0E3-F0B1859CABB6}
		{C52ADFCF-7F9B-4C3E-AE6F-4DCA2A9340C4} = {C52ADFCF-7F9B-4C3E-AE6F-4DCA2A9340C4}
		{155FE9D2-C41D-4362-898B-799763CAF754} = {155FE9D2-C41D-4362-898B-799763CAF754}
	EndProjectSection
EndProject
Project("{8BC9CEB8-8B4A-11D0-8D11-00A0C91BC942}") = "dcmj2pnm", "apps\dcmj2pnm.vcxproj", "{F9CB5173-1590-4534-8C63-1CF256CFCECB}"
	ProjectSection(ProjectDependencies) = postProject
		{00490DF6-055A-4CBE-A8A0-BFF27C66B56D} = {00490DF6-055A-4CBE-A8A0-BFF27C66B56D}
		{CF7A4B91-41B9-4EEB-B0E3-F0B1859CABB6} = {CF7A4B91-41B9-4EEB-B0E3-F0B1859CABB6}
		{8123CC8F-131F-48E1-91AE-911770E4974C} = {8123CC8F-131F-48E1-91AE-911770E4974C}
		{C5338392-9F62-4382-A666-44CA0E24DE80} = {C5338392-9F62-4382-A666-44CA0E24DE80}
		{3CDCB205-FE93-4BE5-AB2C-B59FEBB41068} = {3CDCB205-FE93-4BE5-AB2C-B59FEBB41068}
		{7DF11BEA-F73F-45C6-BDA7-6C8247E7D72D} = {7DF11BEA-F73F-45C6-BDA7-6C8247E7D72D}
		{5245805D-62C0-47F7-9D1D-DE727C3E3E24} = {5245805D-62C0-47F7-9D1D-DE727C3E3E24}
		{FE2E50B5-3B5D-44E5-AD6C-C3642BF64876} = {FE2E50B5-3B5D-44E5-AD6C-C3642BF64876}
		{C52ADFCF-7F9B-4C3E-AE6F-4DCA2A9340C4} = {C52ADFCF-7F9B-4C3E-AE6F-4DCA2A9340C4}
		{155FE9D2-C41D-4362-898B-799763CAF754} = {155FE9D2-C41D-4362-898B-799763CAF754}
	EndProjectSection
EndProject
Project("{8BC9CEB8-8B4A-11D0-8D11-00A0C91BC942}") = "dcmjpeg", "libsrc\dcmjpeg.vcxproj", "{3CDCB205-FE93-4BE5-AB2C-B59FEBB41068}"
	ProjectSection(ProjectDependencies) = postProject
		{00490DF6-055A-4CBE-A8A0-BFF27C66B56D} = {00490DF6-055A-4CBE-A8A0-BFF27C66B56D}
		{CF7A4B91-41B9-4EEB-B0E3-F0B1859CABB6} = {CF7A4B91-41B9-4EEB-B0E3-F0B1859CABB6}
		{8123CC8F-131F-48E1-91AE-911770E4974C} = {8123CC8F-131F-48E1-91AE-911770E4974C}
		{C5338392-9F62-4382-A666-44CA0E24DE80} = {C5338392-9F62-4382-A666-44CA0E24DE80}
		{7DF11BEA-F73F-45C6-BDA7-6C8247E7D72D} = {7DF11BEA-F73F-45C6-BDA7-6C8247E7D72D}
		{5245805D-62C0-47F7-9D1D-DE727C3E3E24} = {5245805D-62C0-47F7-9D1D-DE727C3E3E24}
		{FE2E50B5-3B5D-44E5-AD6C-C3642BF64876} = {FE2E50B5-3B5D-44E5-AD6C-C3642BF64876}
		{C52ADFCF-7F9B-4C3E-AE6F-4DCA2A9340C4} = {C52ADFCF-7F9B-4C3E-AE6F-4DCA2A9340C4}
		{155FE9D2-C41D-4362-898B-799763CAF754} = {155FE9D2-C41D-4362-898B-799763CAF754}
	EndProjectSection
EndProject
Project("{8BC9CEB8-8B4A-11D0-8D11-00A0C91BC942}") = "dcmmkdir", "apps\dcmmkdir.vcxproj", "{529CCF5E-6FFC-45F4-BC31-1DF8983309B7}"
	ProjectSection(ProjectDependencies) = postProject
		{00490DF6-055A-4CBE-A8A0-BFF27C66B56D} = {00490DF6-055A-4CBE-A8A0-BFF27C66B56D}
		{CF7A4B91-41B9-4EEB-B0E3-F0B1859CABB6} = {CF7A4B91-41B9-4EEB-B0E3-F0B1859CABB6}
		{8123CC8F-131F-48E1-91AE-911770E4974C} = {8123CC8F-131F-48E1-91AE-911770E4974C}
		{C5338392-9F62-4382-A666-44CA0E24DE80} = {C5338392-9F62-4382-A666-44CA0E24DE80}
		{3CDCB205-FE93-4BE5-AB2C-B59FEBB41068} = {3CDCB205-FE93-4BE5-AB2C-B59FEBB41068}
		{7DF11BEA-F73F-45C6-BDA7-6C8247E7D72D} = {7DF11BEA-F73F-45C6-BDA7-6C8247E7D72D}
		{5245805D-62C0-47F7-9D1D-DE727C3E3E24} = {5245805D-62C0-47F7-9D1D-DE727C3E3E24}
		{FE2E50B5-3B5D-44E5-AD6C-C3642BF64876} = {FE2E50B5-3B5D-44E5-AD6C-C3642BF64876}
		{C52ADFCF-7F9B-4C3E-AE6F-4DCA2A9340C4} = {C52ADFCF-7F9B-4C3E-AE6F-4DCA2A9340C4}
		{155FE9D2-C41D-4362-898B-799763CAF754} = {155FE9D2-C41D-4362-898B-799763CAF754}
	EndProjectSection
EndProject
Project("{8BC9CEB8-8B4A-11D0-8D11-00A0C91BC942}") = "ijg12", "libijg12\ijg12.vcxproj", "{7DF11BEA-F73F-45C6-BDA7-6C8247E7D72D}"
	ProjectSection(ProjectDependencies) = postProject
		{00490DF6-055A-4CBE-A8A0-BFF27C66B56D} = {00490DF6-055A-4CBE-A8A0-BFF27C66B56D}
	EndProjectSection
EndProject
Project("{8BC9CEB8-8B4A-11D0-8D11-00A0C91BC942}") = "ijg16", "libijg16\ijg16.vcxproj", "{5245805D-62C0-47F7-9D1D-DE727C3E3E24}"
	ProjectSection(ProjectDependencies) = postProject
		{00490DF6-055A-4CBE-A8A0-BFF27C66B56D} = {00490DF6-055A-4CBE-A8A0-BFF27C66B56D}
	EndProjectSection
EndProject
Project("{8BC9CEB8-8B4A-11D0-8D11-00A0C91BC942}") = "ijg8", "libijg8\ijg8.vcxproj", "{FE2E50B5-3B5D-44E5-AD6C-C3642BF64876}"
	ProjectSection(ProjectDependencies) = postProject
		{00490DF6-055A-4CBE-A8A0-BFF27C66B56D} = {00490DF6-055A-4CBE-A8A0-BFF27C66B56D}
	EndProjectSection
EndProject
Project("{8BC9CEB8-8B4A-11D0-8D11-00A0C91BC942}") = "oflog", "..\oflog\libsrc\oflog.vcxproj", "{C52ADFCF-7F9B-4C3E-AE6F-4DCA2A9340C4}"
	ProjectSection(ProjectDependencies) = postProject
		{00490DF6-055A-4CBE-A8A0-BFF27C66B56D} = {00490DF6-055A-4CBE-A8A0-BFF27C66B56D}
		{155FE9D2-C41D-4362-898B-799763CAF754} = {155FE9D2-C41D-4362-898B-799763CAF754}
	EndProjectSection
EndProject
Project("{8BC9CEB8-8B4A-11D0-8D11-00A0C91BC942}") = "ofstd", "..\ofstd\libsrc\ofstd.vcxproj", "{155FE9D2-C41D-4362-898B-799763CAF754}"
	ProjectSection(ProjectDependencies) = postProject
		{00490DF6-055A-4CBE-A8A0-BFF27C66B56D} = {00490DF6-055A-4CBE-A8A0-BFF27C66B56D}
	EndProjectSection
EndProject
Global
	GlobalSection(SolutionConfigurationPlatforms) = preSolution
		Debug|Win32 = Debug|Win32
		Release|Win32 = Release|Win32
		MinSizeRel|Win32 = MinSizeRel|Win32
		RelWithDebInfo|Win32 = RelWithDebInfo|Win32
	EndGlobalSection
	GlobalSection(ProjectConfigurationPlatforms) = postSolution
		{1597849A-BB48-4C81-B6F6-482409648702}.Debug|Win32.ActiveCfg = Debug|Win32
		{1597849A-BB48-4C81-B6F6-482409648702}.Debug|Win32.Build.0 = Debug|Win32
		{1597849A-BB48-4C81-B6F6-482409648702}.Release|Win32.ActiveCfg = Release|Win32
		{1597849A-BB48-4C81-B6F6-482409648702}.Release|Win32.Build.0 = Release|Win32
		{1597849A-BB48-4C81-B6F6-482409648702}.MinSizeRel|Win32.ActiveCfg = MinSizeRel|Win32
		{1597849A-BB48-4C81-B6F6-482409648702}.MinSizeRel|Win32.Build.0 = MinSizeRel|Win32
		{1597849A-BB48-4C81-B6F6-482409648702}.RelWithDebInfo|Win32.ActiveCfg = RelWithDebInfo|Win32
		{1597849A-BB48-4C81-B6F6-482409648702}.RelWithDebInfo|Win32.Build.0 = RelWithDebInfo|Win32
		{B32395D5-9CC7-464E-A354-2A1BDB71E13A}.Debug|Win32.ActiveCfg = Debug|Win32
		{B32395D5-9CC7-464E-A354-2A1BDB71E13A}.Release|Win32.ActiveCfg = Release|Win32
		{B32395D5-9CC7-464E-A354-2A1BDB71E13A}.MinSizeRel|Win32.ActiveCfg = MinSizeRel|Win32
		{B32395D5-9CC7-464E-A354-2A1BDB71E13A}.RelWithDebInfo|Win32.ActiveCfg = RelWithDebInfo|Win32
		{FFB5B1E2-6E02-46D0-977E-456E8425FC6D}.Debug|Win32.ActiveCfg = Debug|Win32
		{FFB5B1E2-6E02-46D0-977E-456E8425FC6D}.Release|Win32.ActiveCfg = Release|Win32
		{FFB5B1E2-6E02-46D0-977E-456E8425FC6D}.MinSizeRel|Win32.ActiveCfg = MinSizeRel|Win32
		{FFB5B1E2-6E02-46D0-977E-456E8425FC6D}.RelWithDebInfo|Win32.ActiveCfg = RelWithDebInfo|Win32
		{00490DF6-055A-4CBE-A8A0-BFF27C66B56D}.Debug|Win32.ActiveCfg = Debug|Win32
		{00490DF6-055A-4CBE-A8A0-BFF27C66B56D}.Debug|Win32.Build.0 = Debug|Win32
		{00490DF6-055A-4CBE-A8A0-BFF27C66B56D}.Release|Win32.ActiveCfg = Release|Win32
		{00490DF6-055A-4CBE-A8A0-BFF27C66B56D}.Release|Win32.Build.0 = Release|Win32
		{00490DF6-055A-4CBE-A8A0-BFF27C66B56D}.MinSizeRel|Win32.ActiveCfg = MinSizeRel|Win32
		{00490DF6-055A-4CBE-A8A0-BFF27C66B56D}.MinSizeRel|Win32.Build.0 = MinSizeRel|Win32
		{00490DF6-055A-4CBE-A8A0-BFF27C66B56D}.RelWithDebInfo|Win32.ActiveCfg = RelWithDebInfo|Win32
		{00490DF6-055A-4CBE-A8A0-BFF27C66B56D}.RelWithDebInfo|Win32.Build.0 = RelWithDebInfo|Win32
		{C1A24F85-52CE-4B5A-B7BF-12F7A0D12179}.Debug|Win32.ActiveCfg = Debug|Win32
		{C1A24F85-52CE-4B5A-B7BF-12F7A0D12179}.Debug|Win32.Build.0 = Debug|Win32
		{C1A24F85-52CE-4B5A-B7BF-12F7A0D12179}.Release|Win32.ActiveCfg = Release|Win32
		{C1A24F85-52CE-4B5A-B7BF-12F7A0D12179}.Release|Win32.Build.0 = Release|Win32
		{C1A24F85-52CE-4B5A-B7BF-12F7A0D12179}.MinSizeRel|Win32.ActiveCfg = MinSizeRel|Win32
		{C1A24F85-52CE-4B5A-B7BF-12F7A0D12179}.MinSizeRel|Win32.Build.0 = MinSizeRel|Win32
		{C1A24F85-52CE-4B5A-B7BF-12F7A0D12179}.RelWithDebInfo|Win32.ActiveCfg = RelWithDebInfo|Win32
		{C1A24F85-52CE-4B5A-B7BF-12F7A0D12179}.RelWithDebInfo|Win32.Build.0 = RelWithDebInfo|Win32
		{CF7A4B91-41B9-4EEB-B0E3-F0B1859CABB6}.Debug|Win32.ActiveCfg = Debug|Win32
		{CF7A4B91-41B9-4EEB-B0E3-F0B1859CABB6}.Debug|Win32.Build.0 = Debug|Win32
		{CF7A4B91-41B9-4EEB-B0E3-F0B1859CABB6}.Release|Win32.ActiveCfg = Release|Win32
		{CF7A4B91-41B9-4EEB-B0E3-F0B1859CABB6}.Release|Win32.Build.0 = Release|Win32
		{CF7A4B91-41B9-4EEB-B0E3-F0B1859CABB6}.MinSizeRel|Win32.ActiveCfg = MinSizeRel|Win32
		{CF7A4B91-41B9-4EEB-B0E3-F0B1859CABB6}.MinSizeRel|Win32.Build.0 = MinSizeRel|Win32
		{CF7A4B91-41B9-4EEB-B0E3-F0B1859CABB6}.RelWithDebInfo|Win32.ActiveCfg = RelWithDebInfo|Win32
		{CF7A4B91-41B9-4EEB-B0E3-F0B1859CABB6}.RelWithDebInfo|Win32.Build.0 = RelWithDebInfo|Win32
		{17BD1A81-2A44-4A17-8AFB-A4D962A91EC1}.Debug|Win32.ActiveCfg = Debug|Win32
		{17BD1A81-2A44-4A17-8AFB-A4D962A91EC1}.Debug|Win32.Build.0 = Debug|Win32
		{17BD1A81-2A44-4A17-8AFB-A4D962A91EC1}.Release|Win32.ActiveCfg = Release|Win32
		{17BD1A81-2A44-4A17-8AFB-A4D962A91EC1}.Release|Win32.Build.0 = Release|Win32
		{17BD1A81-2A44-4A17-8AFB-A4D962A91EC1}.MinSizeRel|Win32.ActiveCfg = MinSizeRel|Win32
		{17BD1A81-2A44-4A17-8AFB-A4D962A91EC1}.MinSizeRel|Win32.Build.0 = MinSizeRel|Win32
		{17BD1A81-2A44-4A17-8AFB-A4D962A91EC1}.RelWithDebInfo|Win32.ActiveCfg = RelWithDebInfo|Win32
		{17BD1A81-2A44-4A17-8AFB-A4D962A91EC1}.RelWithDebInfo|Win32.Build.0 = RelWithDebInfo|Win32
		{8123CC8F-131F-48E1-91AE-911770E4974C}.Debug|Win32.ActiveCfg = Debug|Win32
		{8123CC8F-131F-48E1-91AE-911770E4974C}.Debug|Win32.Build.0 = Debug|Win32
		{8123CC8F-131F-48E1-91AE-911770E4974C}.Release|Win32.ActiveCfg = Release|Win32
		{8123CC8F-131F-48E1-91AE-911770E4974C}.Release|Win32.Build.0 = Release|Win32
		{8123CC8F-131F-48E1-91AE-911770E4974C}.MinSizeRel|Win32.ActiveCfg = MinSizeRel|Win32
		{8123CC8F-131F-48E1-91AE-911770E4974C}.MinSizeRel|Win32.Build.0 = MinSizeRel|Win32
		{8123CC8F-131F-48E1-91AE-911770E4974C}.RelWithDebInfo|Win32.ActiveCfg = RelWithDebInfo|Win32
		{8123CC8F-131F-48E1-91AE-911770E4974C}.RelWithDebInfo|Win32.Build.0 = RelWithDebInfo|Win32
		{C5338392-9F62-4382-A666-44CA0E24DE80}.Debug|Win32.ActiveCfg = Debug|Win32
		{C5338392-9F62-4382-A666-44CA0E24DE80}.Debug|Win32.Build.0 = Debug|Win32
		{C5338392-9F62-4382-A666-44CA0E24DE80}.Release|Win32.ActiveCfg = Release|Win32
		{C5338392-9F62-4382-A666-44CA0E24DE80}.Release|Win32.Build.0 = Release|Win32
		{C5338392-9F62-4382-A666-44CA0E24DE80}.MinSizeRel|Win32.ActiveCfg = MinSizeRel|Win32
		{C5338392-9F62-4382-A666-44CA0E24DE80}.MinSizeRel|Win32.Build.0 = MinSizeRel|Win32
		{C5338392-9F62-4382-A666-44CA0E24DE80}.RelWithDebInfo|Win32.ActiveCfg = RelWithDebInfo|Win32
		{C5338392-9F62-4382-A666-44CA0E24DE80}.RelWithDebInfo|Win32.Build.0 = RelWithDebInfo|Win32
		{F9CB5173-1590-4534-8C63-1CF256CFCECB}.Debug|Win32.ActiveCfg = Debug|Win32
		{F9CB5173-1590-4534-8C63-1CF256CFCECB}.Debug|Win32.Build.0 = Debug|Win32
		{F9CB5173-1590-4534-8C63-1CF256CFCECB}.Release|Win32.ActiveCfg = Release|Win32
		{F9CB5173-1590-4534-8C63-1CF256CFCECB}.Release|Win32.Build.0 = Release|Win32
		{F9CB5173-1590-4534-8C63-1CF256CFCECB}.MinSizeRel|Win32.ActiveCfg = MinSizeRel|Win32
		{F9CB5173-1590-4534-8C63-1CF256CFCECB}.MinSizeRel|Win32.Build.0 = MinSizeRel|Win32
		{F9CB5173-1590-4534-8C63-1CF256CFCECB}.RelWithDebInfo|Win32.ActiveCfg = RelWithDebInfo|Win32
		{F9CB5173-1590-4534-8C63-1CF256CFCECB}.RelWithDebInfo|Win32.Build.0 = RelWithDebInfo|Win32
		{3CDCB205-FE93-4BE5-AB2C-B59FEBB41068}.Debug|Win32.ActiveCfg = Debug|Win32
		{3CDCB205-FE93-4BE5-AB2C-B59FEBB41068}.Debug|Win32.Build.0 = Debug|Win32
		{3CDCB205-FE93-4BE5-AB2C-B59FEBB41068}.Release|Win32.ActiveCfg = Release|Win32
		{3CDCB205-FE93-4BE5-AB2C-B59FEBB41068}.Release|Win32.Build.0 = Release|Win32
		{3CDCB205-FE93-4BE5-AB2C-B59FEBB41068}.MinSizeRel|Win32.ActiveCfg = MinSizeRel|Win32
		{3CDCB205-FE93-4BE5-AB2C-B59FEBB41068}.MinSizeRel|Win32.Build.0 = MinSizeRel|Win32
		{3CDCB205-FE93-4BE5-AB2C-B59FEBB41068}.RelWithDebInfo|Win32.ActiveCfg = RelWithDebInfo|Win32
		{3CDCB205-FE93-4BE5-AB2C-B59FEBB41068}.RelWithDebInfo|Win32.Build.0 = RelWithDebInfo|Win32
		{529CCF5E-6FFC-45F4-BC31-1DF8983309B7}.Debug|Win32.ActiveCfg = Debug|Win32
		{529CCF5E-6FFC-45F4-BC31-1DF8983309B7}.Debug|Win32.Build.0 = Debug|Win32
		{529CCF5E-6FFC-45F4-BC31-1DF8983309B7}.Release|Win32.ActiveCfg = Release|Win32
		{529CCF5E-6FFC-45F4-BC31-1DF8983309B7}.Release|Win32.Build.0 = Release|Win32
		{529CCF5E-6FFC-45F4-BC31-1DF8983309B7}.MinSizeRel|Win32.ActiveCfg = MinSizeRel|Win32
		{529CCF5E-6FFC-45F4-BC31-1DF8983309B7}.MinSizeRel|Win32.Build.0 = MinSizeRel|Win32
		{529CCF5E-6FFC-45F4-BC31-1DF8983309B7}.RelWithDebInfo|Win32.ActiveCfg = RelWithDebInfo|Win32
		{529CCF5E-6FFC-45F4-BC31-1DF8983309B7}.RelWithDebInfo|Win32.Build.0 = RelWithDebInfo|Win32
		{7DF11BEA-F73F-45C6-BDA7-6C8247E7D72D}.Debug|Win32.ActiveCfg = Debug|Win32
		{7DF11BEA-F73F-45C6-BDA7-6C8247E7D72D}.Debug|Win32.Build.0 = Debug|Win32
		{7DF11BEA-F73F-45C6-BDA7-6C8247E7D72D}.Release|Win32.ActiveCfg = Release|Win32
		{7DF11BEA-F73F-45C6-BDA7-6C8247E7D72D}.Release|Win32.Build.0 = Release|Win32
		{7DF11BEA-F73F-45C6-BDA7-6C8247E7D72D}.MinSizeRel|Win32.ActiveCfg = MinSizeRel|Win32
		{7DF11BEA-F73F-45C6-BDA7-6C8247E7D72D}.MinSizeRel|Win32.Build.0 = MinSizeRel|Win32
		{7DF11BEA-F73F-45C6-BDA7-6C8247E7D72D}.RelWithDebInfo|Win32.ActiveCfg = RelWithDebInfo|Win32
		{7DF11BEA-F73F-45C6-BDA7-6C8247E7D72D}.RelWithDebInfo|Win32.Build.0 = RelWithDebInfo|Win32
		{5245805D-62C0-47F7-9D1D-DE727C3E3E24}.Debug|Win32.ActiveCfg = Debug|Win32
		{5245805D-62C0-47F7-9D1D-DE727C3E3E24}.Debug|Win32.Build.0 = Debug|Win32
		{5245805D-62C0-47F7-9D1D-DE727C3E3E24}.Release|Win32.ActiveCfg = Release|Win32
		{5245805D-62C0-47F7-9D1D-DE727C3E3E24}.Release|Win32.Build.0 = Release|Win32
		{5245805D-62C0-47F7-9D1D-DE727C3E3E24}.MinSizeRel|Win32.ActiveCfg = MinSizeRel|Win32
		{5245805D-62C0-47F7-9D1D-DE727C3E3E24}.MinSizeRel|Win32.Build.0 = MinSizeRel|Win32
		{5245805D-62C0-47F7-9D1D-DE727C3E3E24}.RelWithDebInfo|Win32.ActiveCfg = RelWithDebInfo|Win32
		{5245805D-62C0-47F7-9D1D-DE727C3E3E24}.RelWithDebInfo|Win32.Build.0 = RelWithDebInfo|Win32
		{FE2E50B5-3B5D-44E5-AD6C-C3642BF64876}.Debug|Win32.ActiveCfg = Debug|Win32
		{FE2E50B5-3B5D-44E5-AD6C-C3642BF64876}.Debug|Win32.Build.0 = Debug|Win32
		{FE2E50B5-3B5D-44E5-AD6C-C3642BF64876}.Release|Win32.ActiveCfg = Release|Win32
		{FE2E50B5-3B5D-44E5-AD6C-C3642BF64876}.Release|Win32.Build.0 = Release|Win32
		{FE2E50B5-3B5D-44E5-AD6C-C3642BF64876}.MinSizeRel|Win32.ActiveCfg = MinSizeRel|Win32
		{FE2E50B5-3B5D-44E5-AD6C-C3642BF64876}.MinSizeRel|Win32.Build.0 = MinSizeRel|Win32
		{FE2E50B5-3B5D-44E5-AD6C-C3642BF64876}.RelWithDebInfo|Win32.ActiveCfg = RelWithDebInfo|Win32
		{FE2E50B5-3B5D-44E5-AD6C-C3642BF64876}.RelWithDebInfo|Win32.Build.0 = RelWithDebInfo|Win32
		{C52ADFCF-7F9B-4C3E-AE6F-4DCA2A9340C4}.Debug|Win32.ActiveCfg = Debug|Win32
		{C52ADFCF-7F9B-4C3E-AE6F-4DCA2A9340C4}.Debug|Win32.Build.0 = Debug|Win32
		{C52ADFCF-7F9B-4C3E-AE6F-4DCA2A9340C4}.Release|Win32.ActiveCfg = Release|Win32
		{C52ADFCF-7F9B-4C3E-AE6F-4DCA2A9340C4}.Release|Win32.Build.0 = Release|Win32
		{C52ADFCF-7F9B-4C3E-AE6F-4DCA2A9340C4}.MinSizeRel|Win32.ActiveCfg = MinSizeRel|Win32
		{C52ADFCF-7F9B-4C3E-AE6F-4DCA2A9340C4}.MinSizeRel|Win32.Build.0 = MinSizeRel|Win32
		{C52ADFCF-7F9B-4C3E-AE6F-4DCA2A9340C4}.RelWithDebInfo|Win32.ActiveCfg = RelWithDebInfo|Win32
		{C52ADFCF-7F9B-4C3E-AE6F-4DCA2A9340C4}.RelWithDebInfo|Win32.Build.0 = RelWithDebInfo|Win32
		{155FE9D2-C41D-4362-898B-799763CAF754}.Debug|Win32.ActiveCfg = Debug|Win32
		{155FE9D2-C41D-4362-898B-799763CAF754}.Debug|Win32.Build.0 = Debug|Win32
		{155FE9D2-C41D-4362-898B-799763CAF754}.Release|Win32.ActiveCfg = Release|Win32
		{155FE9D2-C41D-4362-898B-799763CAF754}.Release|Win32.Build.0 = Release|Win32
		{155FE9D2-C41D-4362-898B-799763CAF754}.MinSizeRel|Win32.ActiveCfg = MinSizeRel|Win32
		{155FE9D2-C41D-4362-898B-799763CAF754}.MinSizeRel|Win32.Build.0 = MinSizeRel|Win32
		{155FE9D2-C41D-4362-898B-799763CAF754}.RelWithDebInfo|Win32.ActiveCfg = RelWithDebInfo|Win32
		{155FE9D2-C41D-4362-898B-799763CAF754}.RelWithDebInfo|Win32.Build.0 = RelWithDebInfo|Win32
	EndGlobalSection
	GlobalSection(ExtensibilityGlobals) = postSolution
	EndGlobalSection
	GlobalSection(ExtensibilityAddIns) = postSolution
	EndGlobalSection
EndGlobal
