<?xml version="1.0" encoding="UTF-8"?>
<Project ToolsVersion="12.0" xmlns="http://schemas.microsoft.com/developer/msbuild/2003">
  <ItemGroup>
    <ClCompile Include="D:\Git\dcmtk\dcmqrdb\libsrc\dcmqrcbf.cc">
      <Filter>Source Files</Filter>
    </ClCompile>
    <ClCompile Include="D:\Git\dcmtk\dcmqrdb\libsrc\dcmqrcbg.cc">
      <Filter>Source Files</Filter>
    </ClCompile>
    <ClCompile Include="D:\Git\dcmtk\dcmqrdb\libsrc\dcmqrcbm.cc">
      <Filter>Source Files</Filter>
    </ClCompile>
    <ClCompile Include="D:\Git\dcmtk\dcmqrdb\libsrc\dcmqrcbs.cc">
      <Filter>Source Files</Filter>
    </ClCompile>
    <ClCompile Include="D:\Git\dcmtk\dcmqrdb\libsrc\dcmqrcnf.cc">
      <Filter>Source Files</Filter>
    </ClCompile>
    <ClCompile Include="D:\Git\dcmtk\dcmqrdb\libsrc\dcmqrdbi.cc">
      <Filter>Source Files</Filter>
    </ClCompile>
    <ClCompile Include="D:\Git\dcmtk\dcmqrdb\libsrc\dcmqrdbs.cc">
      <Filter>Source Files</Filter>
    </ClCompile>
    <ClCompile Include="D:\Git\dcmtk\dcmqrdb\libsrc\dcmqropt.cc">
      <Filter>Source Files</Filter>
    </ClCompile>
    <ClCompile Include="D:\Git\dcmtk\dcmqrdb\libsrc\dcmqrptb.cc">
      <Filter>Source Files</Filter>
    </ClCompile>
    <ClCompile Include="D:\Git\dcmtk\dcmqrdb\libsrc\dcmqrsrv.cc">
      <Filter>Source Files</Filter>
    </ClCompile>
    <ClCompile Include="D:\Git\dcmtk\dcmqrdb\libsrc\dcmqrtis.cc">
      <Filter>Source Files</Filter>
    </ClCompile>
  </ItemGroup>
  <ItemGroup>
    <CustomBuild Include="D:\Git\dcmtk\dcmqrdb\libsrc\CMakeLists.txt" />
  </ItemGroup>
  <ItemGroup>
    <Filter Include="Source Files">
      <UniqueIdentifier>{5A6743B0-9C29-42EF-9EA9-D86D5F66114F}</UniqueIdentifier>
    </Filter>
  </ItemGroup>
</Project>
