Microsoft Visual Studio Solution File, Format Version 12.00
# Visual Studio 2013
Project("{8BC9CEB8-8B4A-11D0-8D11-00A0C91BC942}") = "ALL_BUILD", "ALL_BUILD.vcxproj", "{1597849A-BB48-4C81-B6F6-482409648702}"
	ProjectSection(ProjectDependencies) = postProject
		{3CD57BE4-6DCA-4FA7-9D17-8A5E121B3819} = {3CD57BE4-6DCA-4FA7-9D17-8A5E121B3819}
		{4C0E49B4-3245-4C7D-B988-AE5C1199341C} = {4C0E49B4-3245-4C7D-B988-AE5C1199341C}
		{9DB117A4-2D8A-40AD-9325-9C5788A84EDB} = {9DB117A4-2D8A-40AD-9325-9C5788A84EDB}
		{01E75911-EA75-4306-8C54-42E04979535D} = {01E75911-EA75-4306-8C54-42E04979535D}
		{E044FA90-FA07-4C60-A48E-F5E2D6C723A4} = {E044FA90-FA07-4C60-A48E-F5E2D6C723A4}
	EndProjectSection
EndProject
Project("{8BC9CEB8-8B4A-11D0-8D11-00A0C91BC942}") = "INSTALL", "INSTALL.vcxproj", "{B32395D5-9CC7-464E-A354-2A1BDB71E13A}"
	ProjectSection(ProjectDependencies) = postProject
		{1597849A-BB48-4C81-B6F6-482409648702} = {1597849A-BB48-4C81-B6F6-482409648702}
	EndProjectSection
EndProject
Project("{8BC9CEB8-8B4A-11D0-8D11-00A0C91BC942}") = "RUN_TESTS", "RUN_TESTS.vcxproj", "{FFB5B1E2-6E02-46D0-977E-456E8425FC6D}"
	ProjectSection(ProjectDependencies) = postProject
	EndProjectSection
EndProject
Project("{8BC9CEB8-8B4A-11D0-8D11-00A0C91BC942}") = "ZERO_CHECK", "..\ZERO_CHECK.vcxproj", "{00490DF6-055A-4CBE-A8A0-BFF27C66B56D}"
	ProjectSection(ProjectDependencies) = postProject
	EndProjectSection
EndProject
Project("{8BC9CEB8-8B4A-11D0-8D11-00A0C91BC942}") = "dcmdata", "..\dcmdata\libsrc\dcmdata.vcxproj", "{CF7A4B91-41B9-4EEB-B0E3-F0B1859CABB6}"
	ProjectSection(ProjectDependencies) = postProject
		{00490DF6-055A-4CBE-A8A0-BFF27C66B56D} = {00490DF6-055A-4CBE-A8A0-BFF27C66B56D}
		{C52ADFCF-7F9B-4C3E-AE6F-4DCA2A9340C4} = {C52ADFCF-7F9B-4C3E-AE6F-4DCA2A9340C4}
		{155FE9D2-C41D-4362-898B-799763CAF754} = {155FE9D2-C41D-4362-898B-799763CAF754}
	EndProjectSection
EndProject
Project("{8BC9CEB8-8B4A-11D0-8D11-00A0C91BC942}") = "dcmnet", "..\dcmnet\libsrc\dcmnet.vcxproj", "{1E80EF3C-2675-4E05-9678-D3863ADCCB8C}"
	ProjectSection(ProjectDependencies) = postProject
		{00490DF6-055A-4CBE-A8A0-BFF27C66B56D} = {00490DF6-055A-4CBE-A8A0-BFF27C66B56D}
		{CF7A4B91-41B9-4EEB-B0E3-F0B1859CABB6} = {CF7A4B91-41B9-4EEB-B0E3-F0B1859CABB6}
		{C52ADFCF-7F9B-4C3E-AE6F-4DCA2A9340C4} = {C52ADFCF-7F9B-4C3E-AE6F-4DCA2A9340C4}
		{155FE9D2-C41D-4362-898B-799763CAF754} = {155FE9D2-C41D-4362-898B-799763CAF754}
	EndProjectSection
EndProject
Project("{8BC9CEB8-8B4A-11D0-8D11-00A0C91BC942}") = "dcmtls", "..\dcmtls\libsrc\dcmtls.vcxproj", "{AA03398A-EACE-479C-AF74-5EED39E63DDD}"
	ProjectSection(ProjectDependencies) = postProject
		{00490DF6-055A-4CBE-A8A0-BFF27C66B56D} = {00490DF6-055A-4CBE-A8A0-BFF27C66B56D}
		{CF7A4B91-41B9-4EEB-B0E3-F0B1859CABB6} = {CF7A4B91-41B9-4EEB-B0E3-F0B1859CABB6}
		{1E80EF3C-2675-4E05-9678-D3863ADCCB8C} = {1E80EF3C-2675-4E05-9678-D3863ADCCB8C}
		{C52ADFCF-7F9B-4C3E-AE6F-4DCA2A9340C4} = {C52ADFCF-7F9B-4C3E-AE6F-4DCA2A9340C4}
		{155FE9D2-C41D-4362-898B-799763CAF754} = {155FE9D2-C41D-4362-898B-799763CAF754}
	EndProjectSection
EndProject
Project("{8BC9CEB8-8B4A-11D0-8D11-00A0C91BC942}") = "dcmwlm", "libsrc\dcmwlm.vcxproj", "{3CD57BE4-6DCA-4FA7-9D17-8A5E121B3819}"
	ProjectSection(ProjectDependencies) = postProject
		{00490DF6-055A-4CBE-A8A0-BFF27C66B56D} = {00490DF6-055A-4CBE-A8A0-BFF27C66B56D}
		{CF7A4B91-41B9-4EEB-B0E3-F0B1859CABB6} = {CF7A4B91-41B9-4EEB-B0E3-F0B1859CABB6}
		{1E80EF3C-2675-4E05-9678-D3863ADCCB8C} = {1E80EF3C-2675-4E05-9678-D3863ADCCB8C}
		{C52ADFCF-7F9B-4C3E-AE6F-4DCA2A9340C4} = {C52ADFCF-7F9B-4C3E-AE6F-4DCA2A9340C4}
		{155FE9D2-C41D-4362-898B-799763CAF754} = {155FE9D2-C41D-4362-898B-799763CAF754}
	EndProjectSection
EndProject
Project("{8BC9CEB8-8B4A-11D0-8D11-00A0C91BC942}") = "oflog", "..\oflog\libsrc\oflog.vcxproj", "{C52ADFCF-7F9B-4C3E-AE6F-4DCA2A9340C4}"
	ProjectSection(ProjectDependencies) = postProject
		{00490DF6-055A-4CBE-A8A0-BFF27C66B56D} = {00490DF6-055A-4CBE-A8A0-BFF27C66B56D}
		{155FE9D2-C41D-4362-898B-799763CAF754} = {155FE9D2-C41D-4362-898B-799763CAF754}
	EndProjectSection
EndProject
Project("{8BC9CEB8-8B4A-11D0-8D11-00A0C91BC942}") = "ofstd", "..\ofstd\libsrc\ofstd.vcxproj", "{155FE9D2-C41D-4362-898B-799763CAF754}"
	ProjectSection(ProjectDependencies) = postProject
		{00490DF6-055A-4CBE-A8A0-BFF27C66B56D} = {00490DF6-055A-4CBE-A8A0-BFF27C66B56D}
	EndProjectSection
EndProject
Project("{8BC9CEB8-8B4A-11D0-8D11-00A0C91BC942}") = "readoviw", "wwwapps\readoviw.vcxproj", "{4C0E49B4-3245-4C7D-B988-AE5C1199341C}"
	ProjectSection(ProjectDependencies) = postProject
		{00490DF6-055A-4CBE-A8A0-BFF27C66B56D} = {00490DF6-055A-4CBE-A8A0-BFF27C66B56D}
		{CF7A4B91-41B9-4EEB-B0E3-F0B1859CABB6} = {CF7A4B91-41B9-4EEB-B0E3-F0B1859CABB6}
		{C52ADFCF-7F9B-4C3E-AE6F-4DCA2A9340C4} = {C52ADFCF-7F9B-4C3E-AE6F-4DCA2A9340C4}
		{155FE9D2-C41D-4362-898B-799763CAF754} = {155FE9D2-C41D-4362-898B-799763CAF754}
	EndProjectSection
EndProject
Project("{8BC9CEB8-8B4A-11D0-8D11-00A0C91BC942}") = "readwlst", "wwwapps\readwlst.vcxproj", "{9DB117A4-2D8A-40AD-9325-9C5788A84EDB}"
	ProjectSection(ProjectDependencies) = postProject
		{00490DF6-055A-4CBE-A8A0-BFF27C66B56D} = {00490DF6-055A-4CBE-A8A0-BFF27C66B56D}
		{CF7A4B91-41B9-4EEB-B0E3-F0B1859CABB6} = {CF7A4B91-41B9-4EEB-B0E3-F0B1859CABB6}
		{C52ADFCF-7F9B-4C3E-AE6F-4DCA2A9340C4} = {C52ADFCF-7F9B-4C3E-AE6F-4DCA2A9340C4}
		{155FE9D2-C41D-4362-898B-799763CAF754} = {155FE9D2-C41D-4362-898B-799763CAF754}
	EndProjectSection
EndProject
Project("{8BC9CEB8-8B4A-11D0-8D11-00A0C91BC942}") = "wlmscpfs", "apps\wlmscpfs.vcxproj", "{01E75911-EA75-4306-8C54-42E04979535D}"
	ProjectSection(ProjectDependencies) = postProject
		{00490DF6-055A-4CBE-A8A0-BFF27C66B56D} = {00490DF6-055A-4CBE-A8A0-BFF27C66B56D}
		{CF7A4B91-41B9-4EEB-B0E3-F0B1859CABB6} = {CF7A4B91-41B9-4EEB-B0E3-F0B1859CABB6}
		{1E80EF3C-2675-4E05-9678-D3863ADCCB8C} = {1E80EF3C-2675-4E05-9678-D3863ADCCB8C}
		{AA03398A-EACE-479C-AF74-5EED39E63DDD} = {AA03398A-EACE-479C-AF74-5EED39E63DDD}
		{3CD57BE4-6DCA-4FA7-9D17-8A5E121B3819} = {3CD57BE4-6DCA-4FA7-9D17-8A5E121B3819}
		{C52ADFCF-7F9B-4C3E-AE6F-4DCA2A9340C4} = {C52ADFCF-7F9B-4C3E-AE6F-4DCA2A9340C4}
		{155FE9D2-C41D-4362-898B-799763CAF754} = {155FE9D2-C41D-4362-898B-799763CAF754}
	EndProjectSection
EndProject
Project("{8BC9CEB8-8B4A-11D0-8D11-00A0C91BC942}") = "writwlst", "wwwapps\writwlst.vcxproj", "{E044FA90-FA07-4C60-A48E-F5E2D6C723A4}"
	ProjectSection(ProjectDependencies) = postProject
		{00490DF6-055A-4CBE-A8A0-BFF27C66B56D} = {00490DF6-055A-4CBE-A8A0-BFF27C66B56D}
		{CF7A4B91-41B9-4EEB-B0E3-F0B1859CABB6} = {CF7A4B91-41B9-4EEB-B0E3-F0B1859CABB6}
		{C52ADFCF-7F9B-4C3E-AE6F-4DCA2A9340C4} = {C52ADFCF-7F9B-4C3E-AE6F-4DCA2A9340C4}
		{155FE9D2-C41D-4362-898B-799763CAF754} = {155FE9D2-C41D-4362-898B-799763CAF754}
	EndProjectSection
EndProject
Global
	GlobalSection(SolutionConfigurationPlatforms) = preSolution
		Debug|Win32 = Debug|Win32
		Release|Win32 = Release|Win32
		MinSizeRel|Win32 = MinSizeRel|Win32
		RelWithDebInfo|Win32 = RelWithDebInfo|Win32
	EndGlobalSection
	GlobalSection(ProjectConfigurationPlatforms) = postSolution
		{1597849A-BB48-4C81-B6F6-482409648702}.Debug|Win32.ActiveCfg = Debug|Win32
		{1597849A-BB48-4C81-B6F6-482409648702}.Debug|Win32.Build.0 = Debug|Win32
		{1597849A-BB48-4C81-B6F6-482409648702}.Release|Win32.ActiveCfg = Release|Win32
		{1597849A-BB48-4C81-B6F6-482409648702}.Release|Win32.Build.0 = Release|Win32
		{1597849A-BB48-4C81-B6F6-482409648702}.MinSizeRel|Win32.ActiveCfg = MinSizeRel|Win32
		{1597849A-BB48-4C81-B6F6-482409648702}.MinSizeRel|Win32.Build.0 = MinSizeRel|Win32
		{1597849A-BB48-4C81-B6F6-482409648702}.RelWithDebInfo|Win32.ActiveCfg = RelWithDebInfo|Win32
		{1597849A-BB48-4C81-B6F6-482409648702}.RelWithDebInfo|Win32.Build.0 = RelWithDebInfo|Win32
		{B32395D5-9CC7-464E-A354-2A1BDB71E13A}.Debug|Win32.ActiveCfg = Debug|Win32
		{B32395D5-9CC7-464E-A354-2A1BDB71E13A}.Release|Win32.ActiveCfg = Release|Win32
		{B32395D5-9CC7-464E-A354-2A1BDB71E13A}.MinSizeRel|Win32.ActiveCfg = MinSizeRel|Win32
		{B32395D5-9CC7-464E-A354-2A1BDB71E13A}.RelWithDebInfo|Win32.ActiveCfg = RelWithDebInfo|Win32
		{FFB5B1E2-6E02-46D0-977E-456E8425FC6D}.Debug|Win32.ActiveCfg = Debug|Win32
		{FFB5B1E2-6E02-46D0-977E-456E8425FC6D}.Release|Win32.ActiveCfg = Release|Win32
		{FFB5B1E2-6E02-46D0-977E-456E8425FC6D}.MinSizeRel|Win32.ActiveCfg = MinSizeRel|Win32
		{FFB5B1E2-6E02-46D0-977E-456E8425FC6D}.RelWithDebInfo|Win32.ActiveCfg = RelWithDebInfo|Win32
		{00490DF6-055A-4CBE-A8A0-BFF27C66B56D}.Debug|Win32.ActiveCfg = Debug|Win32
		{00490DF6-055A-4CBE-A8A0-BFF27C66B56D}.Debug|Win32.Build.0 = Debug|Win32
		{00490DF6-055A-4CBE-A8A0-BFF27C66B56D}.Release|Win32.ActiveCfg = Release|Win32
		{00490DF6-055A-4CBE-A8A0-BFF27C66B56D}.Release|Win32.Build.0 = Release|Win32
		{00490DF6-055A-4CBE-A8A0-BFF27C66B56D}.MinSizeRel|Win32.ActiveCfg = MinSizeRel|Win32
		{00490DF6-055A-4CBE-A8A0-BFF27C66B56D}.MinSizeRel|Win32.Build.0 = MinSizeRel|Win32
		{00490DF6-055A-4CBE-A8A0-BFF27C66B56D}.RelWithDebInfo|Win32.ActiveCfg = RelWithDebInfo|Win32
		{00490DF6-055A-4CBE-A8A0-BFF27C66B56D}.RelWithDebInfo|Win32.Build.0 = RelWithDebInfo|Win32
		{CF7A4B91-41B9-4EEB-B0E3-F0B1859CABB6}.Debug|Win32.ActiveCfg = Debug|Win32
		{CF7A4B91-41B9-4EEB-B0E3-F0B1859CABB6}.Debug|Win32.Build.0 = Debug|Win32
		{CF7A4B91-41B9-4EEB-B0E3-F0B1859CABB6}.Release|Win32.ActiveCfg = Release|Win32
		{CF7A4B91-41B9-4EEB-B0E3-F0B1859CABB6}.Release|Win32.Build.0 = Release|Win32
		{CF7A4B91-41B9-4EEB-B0E3-F0B1859CABB6}.MinSizeRel|Win32.ActiveCfg = MinSizeRel|Win32
		{CF7A4B91-41B9-4EEB-B0E3-F0B1859CABB6}.MinSizeRel|Win32.Build.0 = MinSizeRel|Win32
		{CF7A4B91-41B9-4EEB-B0E3-F0B1859CABB6}.RelWithDebInfo|Win32.ActiveCfg = RelWithDebInfo|Win32
		{CF7A4B91-41B9-4EEB-B0E3-F0B1859CABB6}.RelWithDebInfo|Win32.Build.0 = RelWithDebInfo|Win32
		{1E80EF3C-2675-4E05-9678-D3863ADCCB8C}.Debug|Win32.ActiveCfg = Debug|Win32
		{1E80EF3C-2675-4E05-9678-D3863ADCCB8C}.Debug|Win32.Build.0 = Debug|Win32
		{1E80EF3C-2675-4E05-9678-D3863ADCCB8C}.Release|Win32.ActiveCfg = Release|Win32
		{1E80EF3C-2675-4E05-9678-D3863ADCCB8C}.Release|Win32.Build.0 = Release|Win32
		{1E80EF3C-2675-4E05-9678-D3863ADCCB8C}.MinSizeRel|Win32.ActiveCfg = MinSizeRel|Win32
		{1E80EF3C-2675-4E05-9678-D3863ADCCB8C}.MinSizeRel|Win32.Build.0 = MinSizeRel|Win32
		{1E80EF3C-2675-4E05-9678-D3863ADCCB8C}.RelWithDebInfo|Win32.ActiveCfg = RelWithDebInfo|Win32
		{1E80EF3C-2675-4E05-9678-D3863ADCCB8C}.RelWithDebInfo|Win32.Build.0 = RelWithDebInfo|Win32
		{AA03398A-EACE-479C-AF74-5EED39E63DDD}.Debug|Win32.ActiveCfg = Debug|Win32
		{AA03398A-EACE-479C-AF74-5EED39E63DDD}.Debug|Win32.Build.0 = Debug|Win32
		{AA03398A-EACE-479C-AF74-5EED39E63DDD}.Release|Win32.ActiveCfg = Release|Win32
		{AA03398A-EACE-479C-AF74-5EED39E63DDD}.Release|Win32.Build.0 = Release|Win32
		{AA03398A-EACE-479C-AF74-5EED39E63DDD}.MinSizeRel|Win32.ActiveCfg = MinSizeRel|Win32
		{AA03398A-EACE-479C-AF74-5EED39E63DDD}.MinSizeRel|Win32.Build.0 = MinSizeRel|Win32
		{AA03398A-EACE-479C-AF74-5EED39E63DDD}.RelWithDebInfo|Win32.ActiveCfg = RelWithDebInfo|Win32
		{AA03398A-EACE-479C-AF74-5EED39E63DDD}.RelWithDebInfo|Win32.Build.0 = RelWithDebInfo|Win32
		{3CD57BE4-6DCA-4FA7-9D17-8A5E121B3819}.Debug|Win32.ActiveCfg = Debug|Win32
		{3CD57BE4-6DCA-4FA7-9D17-8A5E121B3819}.Debug|Win32.Build.0 = Debug|Win32
		{3CD57BE4-6DCA-4FA7-9D17-8A5E121B3819}.Release|Win32.ActiveCfg = Release|Win32
		{3CD57BE4-6DCA-4FA7-9D17-8A5E121B3819}.Release|Win32.Build.0 = Release|Win32
		{3CD57BE4-6DCA-4FA7-9D17-8A5E121B3819}.MinSizeRel|Win32.ActiveCfg = MinSizeRel|Win32
		{3CD57BE4-6DCA-4FA7-9D17-8A5E121B3819}.MinSizeRel|Win32.Build.0 = MinSizeRel|Win32
		{3CD57BE4-6DCA-4FA7-9D17-8A5E121B3819}.RelWithDebInfo|Win32.ActiveCfg = RelWithDebInfo|Win32
		{3CD57BE4-6DCA-4FA7-9D17-8A5E121B3819}.RelWithDebInfo|Win32.Build.0 = RelWithDebInfo|Win32
		{C52ADFCF-7F9B-4C3E-AE6F-4DCA2A9340C4}.Debug|Win32.ActiveCfg = Debug|Win32
		{C52ADFCF-7F9B-4C3E-AE6F-4DCA2A9340C4}.Debug|Win32.Build.0 = Debug|Win32
		{C52ADFCF-7F9B-4C3E-AE6F-4DCA2A9340C4}.Release|Win32.ActiveCfg = Release|Win32
		{C52ADFCF-7F9B-4C3E-AE6F-4DCA2A9340C4}.Release|Win32.Build.0 = Release|Win32
		{C52ADFCF-7F9B-4C3E-AE6F-4DCA2A9340C4}.MinSizeRel|Win32.ActiveCfg = MinSizeRel|Win32
		{C52ADFCF-7F9B-4C3E-AE6F-4DCA2A9340C4}.MinSizeRel|Win32.Build.0 = MinSizeRel|Win32
		{C52ADFCF-7F9B-4C3E-AE6F-4DCA2A9340C4}.RelWithDebInfo|Win32.ActiveCfg = RelWithDebInfo|Win32
		{C52ADFCF-7F9B-4C3E-AE6F-4DCA2A9340C4}.RelWithDebInfo|Win32.Build.0 = RelWithDebInfo|Win32
		{155FE9D2-C41D-4362-898B-799763CAF754}.Debug|Win32.ActiveCfg = Debug|Win32
		{155FE9D2-C41D-4362-898B-799763CAF754}.Debug|Win32.Build.0 = Debug|Win32
		{155FE9D2-C41D-4362-898B-799763CAF754}.Release|Win32.ActiveCfg = Release|Win32
		{155FE9D2-C41D-4362-898B-799763CAF754}.Release|Win32.Build.0 = Release|Win32
		{155FE9D2-C41D-4362-898B-799763CAF754}.MinSizeRel|Win32.ActiveCfg = MinSizeRel|Win32
		{155FE9D2-C41D-4362-898B-799763CAF754}.MinSizeRel|Win32.Build.0 = MinSizeRel|Win32
		{155FE9D2-C41D-4362-898B-799763CAF754}.RelWithDebInfo|Win32.ActiveCfg = RelWithDebInfo|Win32
		{155FE9D2-C41D-4362-898B-799763CAF754}.RelWithDebInfo|Win32.Build.0 = RelWithDebInfo|Win32
		{4C0E49B4-3245-4C7D-B988-AE5C1199341C}.Debug|Win32.ActiveCfg = Debug|Win32
		{4C0E49B4-3245-4C7D-B988-AE5C1199341C}.Debug|Win32.Build.0 = Debug|Win32
		{4C0E49B4-3245-4C7D-B988-AE5C1199341C}.Release|Win32.ActiveCfg = Release|Win32
		{4C0E49B4-3245-4C7D-B988-AE5C1199341C}.Release|Win32.Build.0 = Release|Win32
		{4C0E49B4-3245-4C7D-B988-AE5C1199341C}.MinSizeRel|Win32.ActiveCfg = MinSizeRel|Win32
		{4C0E49B4-3245-4C7D-B988-AE5C1199341C}.MinSizeRel|Win32.Build.0 = MinSizeRel|Win32
		{4C0E49B4-3245-4C7D-B988-AE5C1199341C}.RelWithDebInfo|Win32.ActiveCfg = RelWithDebInfo|Win32
		{4C0E49B4-3245-4C7D-B988-AE5C1199341C}.RelWithDebInfo|Win32.Build.0 = RelWithDebInfo|Win32
		{9DB117A4-2D8A-40AD-9325-9C5788A84EDB}.Debug|Win32.ActiveCfg = Debug|Win32
		{9DB117A4-2D8A-40AD-9325-9C5788A84EDB}.Debug|Win32.Build.0 = Debug|Win32
		{9DB117A4-2D8A-40AD-9325-9C5788A84EDB}.Release|Win32.ActiveCfg = Release|Win32
		{9DB117A4-2D8A-40AD-9325-9C5788A84EDB}.Release|Win32.Build.0 = Release|Win32
		{9DB117A4-2D8A-40AD-9325-9C5788A84EDB}.MinSizeRel|Win32.ActiveCfg = MinSizeRel|Win32
		{9DB117A4-2D8A-40AD-9325-9C5788A84EDB}.MinSizeRel|Win32.Build.0 = MinSizeRel|Win32
		{9DB117A4-2D8A-40AD-9325-9C5788A84EDB}.RelWithDebInfo|Win32.ActiveCfg = RelWithDebInfo|Win32
		{9DB117A4-2D8A-40AD-9325-9C5788A84EDB}.RelWithDebInfo|Win32.Build.0 = RelWithDebInfo|Win32
		{01E75911-EA75-4306-8C54-42E04979535D}.Debug|Win32.ActiveCfg = Debug|Win32
		{01E75911-EA75-4306-8C54-42E04979535D}.Debug|Win32.Build.0 = Debug|Win32
		{01E75911-EA75-4306-8C54-42E04979535D}.Release|Win32.ActiveCfg = Release|Win32
		{01E75911-EA75-4306-8C54-42E04979535D}.Release|Win32.Build.0 = Release|Win32
		{01E75911-EA75-4306-8C54-42E04979535D}.MinSizeRel|Win32.ActiveCfg = MinSizeRel|Win32
		{01E75911-EA75-4306-8C54-42E04979535D}.MinSizeRel|Win32.Build.0 = MinSizeRel|Win32
		{01E75911-EA75-4306-8C54-42E04979535D}.RelWithDebInfo|Win32.ActiveCfg = RelWithDebInfo|Win32
		{01E75911-EA75-4306-8C54-42E04979535D}.RelWithDebInfo|Win32.Build.0 = RelWithDebInfo|Win32
		{E044FA90-FA07-4C60-A48E-F5E2D6C723A4}.Debug|Win32.ActiveCfg = Debug|Win32
		{E044FA90-FA07-4C60-A48E-F5E2D6C723A4}.Debug|Win32.Build.0 = Debug|Win32
		{E044FA90-FA07-4C60-A48E-F5E2D6C723A4}.Release|Win32.ActiveCfg = Release|Win32
		{E044FA90-FA07-4C60-A48E-F5E2D6C723A4}.Release|Win32.Build.0 = Release|Win32
		{E044FA90-FA07-4C60-A48E-F5E2D6C723A4}.MinSizeRel|Win32.ActiveCfg = MinSizeRel|Win32
		{E044FA90-FA07-4C60-A48E-F5E2D6C723A4}.MinSizeRel|Win32.Build.0 = MinSizeRel|Win32
		{E044FA90-FA07-4C60-A48E-F5E2D6C723A4}.RelWithDebInfo|Win32.ActiveCfg = RelWithDebInfo|Win32
		{E044FA90-FA07-4C60-A48E-F5E2D6C723A4}.RelWithDebInfo|Win32.Build.0 = RelWithDebInfo|Win32
	EndGlobalSection
	GlobalSection(ExtensibilityGlobals) = postSolution
	EndGlobalSection
	GlobalSection(ExtensibilityAddIns) = postSolution
	EndGlobalSection
EndGlobal
