<?xml version="1.0" encoding="UTF-8"?>
<Project ToolsVersion="12.0" xmlns="http://schemas.microsoft.com/developer/msbuild/2003">
  <ItemGroup>
    <ClCompile Include="D:\Git\dcmtk\dcmsign\libsrc\dcsignat.cc">
      <Filter>Source Files</Filter>
    </ClCompile>
    <ClCompile Include="D:\Git\dcmtk\dcmsign\libsrc\siautopr.cc">
      <Filter>Source Files</Filter>
    </ClCompile>
    <ClCompile Include="D:\Git\dcmtk\dcmsign\libsrc\sibrsapr.cc">
      <Filter>Source Files</Filter>
    </ClCompile>
    <ClCompile Include="D:\Git\dcmtk\dcmsign\libsrc\sicert.cc">
      <Filter>Source Files</Filter>
    </ClCompile>
    <ClCompile Include="D:\Git\dcmtk\dcmsign\libsrc\sicertvf.cc">
      <Filter>Source Files</Filter>
    </ClCompile>
    <ClCompile Include="D:\Git\dcmtk\dcmsign\libsrc\sicreapr.cc">
      <Filter>Source Files</Filter>
    </ClCompile>
    <ClCompile Include="D:\Git\dcmtk\dcmsign\libsrc\sidsa.cc">
      <Filter>Source Files</Filter>
    </ClCompile>
    <ClCompile Include="D:\Git\dcmtk\dcmsign\libsrc\simaccon.cc">
      <Filter>Source Files</Filter>
    </ClCompile>
    <ClCompile Include="D:\Git\dcmtk\dcmsign\libsrc\simd5.cc">
      <Filter>Source Files</Filter>
    </ClCompile>
    <ClCompile Include="D:\Git\dcmtk\dcmsign\libsrc\sinullpr.cc">
      <Filter>Source Files</Filter>
    </ClCompile>
    <ClCompile Include="D:\Git\dcmtk\dcmsign\libsrc\siprivat.cc">
      <Filter>Source Files</Filter>
    </ClCompile>
    <ClCompile Include="D:\Git\dcmtk\dcmsign\libsrc\siripemd.cc">
      <Filter>Source Files</Filter>
    </ClCompile>
    <ClCompile Include="D:\Git\dcmtk\dcmsign\libsrc\sirsa.cc">
      <Filter>Source Files</Filter>
    </ClCompile>
    <ClCompile Include="D:\Git\dcmtk\dcmsign\libsrc\sisha1.cc">
      <Filter>Source Files</Filter>
    </ClCompile>
    <ClCompile Include="D:\Git\dcmtk\dcmsign\libsrc\sisprof.cc">
      <Filter>Source Files</Filter>
    </ClCompile>
    <ClCompile Include="D:\Git\dcmtk\dcmsign\libsrc\sitypes.cc">
      <Filter>Source Files</Filter>
    </ClCompile>
  </ItemGroup>
  <ItemGroup>
    <CustomBuild Include="D:\Git\dcmtk\dcmsign\libsrc\CMakeLists.txt" />
  </ItemGroup>
  <ItemGroup>
    <Filter Include="Source Files">
      <UniqueIdentifier>{5A6743B0-9C29-42EF-9EA9-D86D5F66114F}</UniqueIdentifier>
    </Filter>
  </ItemGroup>
</Project>
